// !$*UTF8*$!
{
	archiveVersion = 1;
	classes = {
	};
	objectVersion = 56;
	objects = {

/* Begin PBXBuildFile section */
		7D5FD39E2ACB042100F779B1 /* MetAPI.framework in Frameworks */ = {isa = PBXBuildFile; fileRef = 7D5FD3982ACB038300F779B1 /* MetAPI.framework */; };
		7D5FD39F2ACB042100F779B1 /* MetAPI.framework in Embed Frameworks */ = {isa = PBXBuildFile; fileRef = 7D5FD3982ACB038300F779B1 /* MetAPI.framework */; settings = {ATTRIBUTES = (CodeSignOnCopy, RemoveHeadersOnCopy, ); }; };
		F3012FB529C4AE1800138CE3 /* AppDelegate.swift in Sources */ = {isa = PBXBuildFile; fileRef = F3012FB429C4AE1800138CE3 /* AppDelegate.swift */; };
		F3012FB729C4AE1800138CE3 /* SceneDelegate.swift in Sources */ = {isa = PBXBuildFile; fileRef = F3012FB629C4AE1800138CE3 /* SceneDelegate.swift */; };
		F3012FBC29C4AE1800138CE3 /* Main.storyboard in Resources */ = {isa = PBXBuildFile; fileRef = F3012FBA29C4AE1800138CE3 /* Main.storyboard */; };
		F3012FBE29C4AE1A00138CE3 /* Assets.xcassets in Resources */ = {isa = PBXBuildFile; fileRef = F3012FBD29C4AE1A00138CE3 /* Assets.xcassets */; };
		F3012FC129C4AE1A00138CE3 /* LaunchScreen.storyboard in Resources */ = {isa = PBXBuildFile; fileRef = F3012FBF29C4AE1A00138CE3 /* LaunchScreen.storyboard */; };
		F3012FC929C9E30700138CE3 /* RootTabBarController.swift in Sources */ = {isa = PBXBuildFile; fileRef = F3012FC829C9E30700138CE3 /* RootTabBarController.swift */; };
		F3012FCB29C9E35800138CE3 /* FeaturedArtViewController.swift in Sources */ = {isa = PBXBuildFile; fileRef = F3012FCA29C9E35800138CE3 /* FeaturedArtViewController.swift */; };
		F3012FCD29C9E37D00138CE3 /* CatalogViewController.swift in Sources */ = {isa = PBXBuildFile; fileRef = F3012FCC29C9E37D00138CE3 /* CatalogViewController.swift */; };
		F3012FCF29C9E3A800138CE3 /* FavoritesViewController.swift in Sources */ = {isa = PBXBuildFile; fileRef = F3012FCE29C9E3A800138CE3 /* FavoritesViewController.swift */; };
		F30CE99D29CC91F300013B2A /* ImageLoader.swift in Sources */ = {isa = PBXBuildFile; fileRef = F30CE99C29CC91F300013B2A /* ImageLoader.swift */; };
		F30E834D29FBEDCF00283EE3 /* LoadingImageView.swift in Sources */ = {isa = PBXBuildFile; fileRef = F30E834C29FBEDCF00283EE3 /* LoadingImageView.swift */; };
		F30E835029FE854C00283EE3 /* Localizable.strings in Resources */ = {isa = PBXBuildFile; fileRef = F30E835229FE854C00283EE3 /* Localizable.strings */; };
		F32400012AF542DD00B8C175 /* CatalogSectionTapToReloadView.swift in Sources */ = {isa = PBXBuildFile; fileRef = F32400002AF542DD00B8C175 /* CatalogSectionTapToReloadView.swift */; };
		F32400072AFA6A4D00B8C175 /* FeaturedArtistsContentView.swift in Sources */ = {isa = PBXBuildFile; fileRef = F32400062AFA6A4D00B8C175 /* FeaturedArtistsContentView.swift */; };
		F324000B2AFA6BB700B8C175 /* FeaturedArtistsCellData.swift in Sources */ = {isa = PBXBuildFile; fileRef = F324000A2AFA6BB700B8C175 /* FeaturedArtistsCellData.swift */; };
		F324000D2AFA6CB800B8C175 /* FeaturedArtistsContentView.xib in Resources */ = {isa = PBXBuildFile; fileRef = F324000C2AFA6CB800B8C175 /* FeaturedArtistsContentView.xib */; };
		F32400112AFBE53B00B8C175 /* DepartmentsSectionViewController.swift in Sources */ = {isa = PBXBuildFile; fileRef = F32400102AFBE53B00B8C175 /* DepartmentsSectionViewController.swift */; };
		F324001A2B027BD900B8C175 /* ArtistsService.swift in Sources */ = {isa = PBXBuildFile; fileRef = F32400192B027BD900B8C175 /* ArtistsService.swift */; };
		F324001C2B02873700B8C175 /* ArtistsSectionViewController.swift in Sources */ = {isa = PBXBuildFile; fileRef = F324001B2B02873700B8C175 /* ArtistsSectionViewController.swift */; };
		F324001E2B028C9400B8C175 /* ArtistsCatalogViewController.swift in Sources */ = {isa = PBXBuildFile; fileRef = F324001D2B028C9300B8C175 /* ArtistsCatalogViewController.swift */; };
		F324FFFF2AF532DE00B8C175 /* CatalogSectionLoadingView.swift in Sources */ = {isa = PBXBuildFile; fileRef = F324FFFE2AF532DE00B8C175 /* CatalogSectionLoadingView.swift */; };
		F3451E922A05644D00C31619 /* Colors.xcassets in Resources */ = {isa = PBXBuildFile; fileRef = F3451E912A05644D00C31619 /* Colors.xcassets */; };
		F3451E962A05698200C31619 /* Caviar Dreams Bold.ttf in Resources */ = {isa = PBXBuildFile; fileRef = F3451E932A05698200C31619 /* Caviar Dreams Bold.ttf */; };
		F3451E972A05698200C31619 /* Caviar Dreams.ttf in Resources */ = {isa = PBXBuildFile; fileRef = F3451E942A05698200C31619 /* Caviar Dreams.ttf */; };
		F3451E982A05698200C31619 /* Quattrocento.ttf in Resources */ = {isa = PBXBuildFile; fileRef = F3451E952A05698200C31619 /* Quattrocento.ttf */; };
		F3528F7F2A06C19F000D9CEB /* Zen Kaku Gothic New Regular.ttf in Resources */ = {isa = PBXBuildFile; fileRef = F3528F7C2A06C19E000D9CEB /* Zen Kaku Gothic New Regular.ttf */; };
		F3528F802A06C19F000D9CEB /* Noto Serif JP.otf in Resources */ = {isa = PBXBuildFile; fileRef = F3528F7D2A06C19F000D9CEB /* Noto Serif JP.otf */; };
		F3528F812A06C19F000D9CEB /* Zen Kaku Gothic New Bold.ttf in Resources */ = {isa = PBXBuildFile; fileRef = F3528F7E2A06C19F000D9CEB /* Zen Kaku Gothic New Bold.ttf */; };
		F3528F832A0AB99A000D9CEB /* UINavigationItem+apply.swift in Sources */ = {isa = PBXBuildFile; fileRef = F3528F822A0AB99A000D9CEB /* UINavigationItem+apply.swift */; };
		F3528F882A0D0149000D9CEB /* UILabel+apply.swift in Sources */ = {isa = PBXBuildFile; fileRef = F3528F872A0D0149000D9CEB /* UILabel+apply.swift */; };
		F3528F8A2A0D0171000D9CEB /* UIButton+apply.swift in Sources */ = {isa = PBXBuildFile; fileRef = F3528F892A0D0171000D9CEB /* UIButton+apply.swift */; };
		F3528F952A0E7FDA000D9CEB /* DepartmentsSectionContentView.swift in Sources */ = {isa = PBXBuildFile; fileRef = F3528F922A0E7FDA000D9CEB /* DepartmentsSectionContentView.swift */; };
		F3528F962A0E7FDA000D9CEB /* CatalogCell.swift in Sources */ = {isa = PBXBuildFile; fileRef = F3528F932A0E7FDA000D9CEB /* CatalogCell.swift */; };
		F3528F972A0E7FDA000D9CEB /* DepartmentsSectionContentView.xib in Resources */ = {isa = PBXBuildFile; fileRef = F3528F942A0E7FDA000D9CEB /* DepartmentsSectionContentView.xib */; };
		F36BD6CE2A7417870062AEFC /* ArtCellData.swift in Sources */ = {isa = PBXBuildFile; fileRef = F36BD6CD2A7417870062AEFC /* ArtCellData.swift */; };
		F36BD6D02A7A7C580062AEFC /* ArtsLoadingIndicatorView.swift in Sources */ = {isa = PBXBuildFile; fileRef = F36BD6CF2A7A7C580062AEFC /* ArtsLoadingIndicatorView.swift */; };
		F36BD6D22A7C004C0062AEFC /* UISearchBar+apply.swift in Sources */ = {isa = PBXBuildFile; fileRef = F36BD6D12A7C004C0062AEFC /* UISearchBar+apply.swift */; };
		F376B37B2A8290B600AA096B /* LoadingPlaceholderView.swift in Sources */ = {isa = PBXBuildFile; fileRef = F376B37A2A8290B600AA096B /* LoadingPlaceholderView.swift */; };
		F376B37E2A8529AC00AA096B /* ArtFilter.swift in Sources */ = {isa = PBXBuildFile; fileRef = F376B37D2A8529AC00AA096B /* ArtFilter.swift */; };
		F3847C582A0E972B00501F0F /* GradientView.swift in Sources */ = {isa = PBXBuildFile; fileRef = F3847C572A0E972B00501F0F /* GradientView.swift */; };
		F3904ADB2AEAD90000BFC3F4 /* Quattrocento Bold.ttf in Resources */ = {isa = PBXBuildFile; fileRef = F3904AD92AEAD90000BFC3F4 /* Quattrocento Bold.ttf */; };
		F3904ADD2AEADBD900BFC3F4 /* NotoSerifJP-SemiBold.otf in Resources */ = {isa = PBXBuildFile; fileRef = F3904ADC2AEADBD900BFC3F4 /* NotoSerifJP-SemiBold.otf */; };
		F3904AE32AF1559800BFC3F4 /* FeaturedArtistsView.swift in Sources */ = {isa = PBXBuildFile; fileRef = F3904AE22AF1559800BFC3F4 /* FeaturedArtistsView.swift */; };
		F3A125392A8D021F00032DC3 /* FullScreenPhotoViewController.swift in Sources */ = {isa = PBXBuildFile; fileRef = F3A125382A8D021F00032DC3 /* FullScreenPhotoViewController.swift */; };
		F3A1253C2A8E5AB400032DC3 /* ImageCache.swift in Sources */ = {isa = PBXBuildFile; fileRef = F3A1253B2A8E5AB400032DC3 /* ImageCache.swift */; };
		F3A1253E2A8E675600032DC3 /* ImageFileNameGenerator.swift in Sources */ = {isa = PBXBuildFile; fileRef = F3A1253D2A8E675600032DC3 /* ImageFileNameGenerator.swift */; };
		F3A6C0002AD0720200249847 /* Art.swift in Sources */ = {isa = PBXBuildFile; fileRef = F3A6BFFF2AD0720200249847 /* Art.swift */; };
		F3A6C0042AD6F30E00249847 /* AboutAppViewController.swift in Sources */ = {isa = PBXBuildFile; fileRef = F3A6C0032AD6F30E00249847 /* AboutAppViewController.swift */; };
		F3A6C0072AD7003100249847 /* AboutAppViewCell.swift in Sources */ = {isa = PBXBuildFile; fileRef = F3A6C0062AD7003100249847 /* AboutAppViewCell.swift */; };
		F3AC638E2A433FCF00BEF886 /* Localizable.stringsdict in Resources */ = {isa = PBXBuildFile; fileRef = F3AC63902A433FCF00BEF886 /* Localizable.stringsdict */; };
		F3BC62962A696C22003A39D9 /* String+artDescriptionText.swift in Sources */ = {isa = PBXBuildFile; fileRef = F3BC62952A696C22003A39D9 /* String+artDescriptionText.swift */; };
		F3C7DB5B2A14F38C00DBBF87 /* FailedPlaceholderView.xib in Resources */ = {isa = PBXBuildFile; fileRef = F3C7DB592A14F38C00DBBF87 /* FailedPlaceholderView.xib */; };
		F3C7DB5C2A14F38C00DBBF87 /* FailedPlaceholderView.swift in Sources */ = {isa = PBXBuildFile; fileRef = F3C7DB5A2A14F38C00DBBF87 /* FailedPlaceholderView.swift */; };
		F3C7DB5F2A14F74700DBBF87 /* TagListView.swift in Sources */ = {isa = PBXBuildFile; fileRef = F3C7DB5E2A14F74700DBBF87 /* TagListView.swift */; };
		F3D94C462B0539BD005D5CC9 /* ArtistArtsViewController.swift in Sources */ = {isa = PBXBuildFile; fileRef = F3D94C452B0539BD005D5CC9 /* ArtistArtsViewController.swift */; };
		F3E712B22B28BBFC009BEE1B /* CulturesService.swift in Sources */ = {isa = PBXBuildFile; fileRef = F3E712B12B28BBFC009BEE1B /* CulturesService.swift */; };
		F3E712B52B28BE6E009BEE1B /* CulturesSectionViewController.swift in Sources */ = {isa = PBXBuildFile; fileRef = F3E712B42B28BE6E009BEE1B /* CulturesSectionViewController.swift */; };
		F3E712B72B28C18C009BEE1B /* CultureArtsViewController.swift in Sources */ = {isa = PBXBuildFile; fileRef = F3E712B62B28C18C009BEE1B /* CultureArtsViewController.swift */; };
		F3E712BD2B34A4D7009BEE1B /* CatalogSectionCellData.swift in Sources */ = {isa = PBXBuildFile; fileRef = F3E712BC2B34A4D7009BEE1B /* CatalogSectionCellData.swift */; };
		F3E712BF2B34A5C7009BEE1B /* CulturesSectionContentView.swift in Sources */ = {isa = PBXBuildFile; fileRef = F3E712BE2B34A5C7009BEE1B /* CulturesSectionContentView.swift */; };
		F3E712C12B34A69E009BEE1B /* CulturesSectionContentView.xib in Resources */ = {isa = PBXBuildFile; fileRef = F3E712C02B34A69E009BEE1B /* CulturesSectionContentView.xib */; };
		F3EDF2D62A20FB09000680B1 /* ArtFileManager.swift in Sources */ = {isa = PBXBuildFile; fileRef = F3EDF2D52A20FB09000680B1 /* ArtFileManager.swift */; };
		F3F1D0462A449194003D4559 /* ArtView.swift in Sources */ = {isa = PBXBuildFile; fileRef = F3F1D0452A449194003D4559 /* ArtView.swift */; };
		F3F1D0482A49E58E003D4559 /* FavoritesService.swift in Sources */ = {isa = PBXBuildFile; fileRef = F3F1D0472A49E58E003D4559 /* FavoritesService.swift */; };
		F3F1D04A2A4B0C8B003D4559 /* URL+getFolderURL.swift in Sources */ = {isa = PBXBuildFile; fileRef = F3F1D0492A4B0C8B003D4559 /* URL+getFolderURL.swift */; };
		F3F5E72B2A5312B70014CBF6 /* FeaturedArtService.swift in Sources */ = {isa = PBXBuildFile; fileRef = F3F5E72A2A5312B70014CBF6 /* FeaturedArtService.swift */; };
		F3F5E72D2A571EE20014CBF6 /* CategoryViewController.swift in Sources */ = {isa = PBXBuildFile; fileRef = F3F5E72C2A571EE20014CBF6 /* CategoryViewController.swift */; };
		F3F5E72F2A5D8AE10014CBF6 /* ArtViewCell.swift in Sources */ = {isa = PBXBuildFile; fileRef = F3F5E72E2A5D8AE10014CBF6 /* ArtViewCell.swift */; };
		F3F6A4F02B1798550004B59F /* LoadingError.swift in Sources */ = {isa = PBXBuildFile; fileRef = F3F6A4EF2B1798550004B59F /* LoadingError.swift */; };
		F3FD733E2A700C7500B163EA /* LoadingStatus.swift in Sources */ = {isa = PBXBuildFile; fileRef = F3FD733D2A700C7500B163EA /* LoadingStatus.swift */; };
/* End PBXBuildFile section */

/* Begin PBXContainerItemProxy section */
		7D5FD3972ACB038300F779B1 /* PBXContainerItemProxy */ = {
			isa = PBXContainerItemProxy;
			containerPortal = 7D5FD3932ACB038300F779B1 /* MetAPI.xcodeproj */;
			proxyType = 2;
			remoteGlobalIDString = 7D5FD3872ACB031F00F779B1;
			remoteInfo = MetAPI;
		};
/* End PBXContainerItemProxy section */

/* Begin PBXCopyFilesBuildPhase section */
		7D5FD3A02ACB042100F779B1 /* Embed Frameworks */ = {
			isa = PBXCopyFilesBuildPhase;
			buildActionMask = 2147483647;
			dstPath = "";
			dstSubfolderSpec = 10;
			files = (
				7D5FD39F2ACB042100F779B1 /* MetAPI.framework in Embed Frameworks */,
			);
			name = "Embed Frameworks";
			runOnlyForDeploymentPostprocessing = 0;
		};
/* End PBXCopyFilesBuildPhase section */

/* Begin PBXFileReference section */
		7D5FD3932ACB038300F779B1 /* MetAPI.xcodeproj */ = {isa = PBXFileReference; lastKnownFileType = "wrapper.pb-project"; path = MetAPI.xcodeproj; sourceTree = "<group>"; };
		F3012FB129C4AE1800138CE3 /* TheMET.app */ = {isa = PBXFileReference; explicitFileType = wrapper.application; includeInIndex = 0; path = TheMET.app; sourceTree = BUILT_PRODUCTS_DIR; };
		F3012FB429C4AE1800138CE3 /* AppDelegate.swift */ = {isa = PBXFileReference; lastKnownFileType = sourcecode.swift; path = AppDelegate.swift; sourceTree = "<group>"; };
		F3012FB629C4AE1800138CE3 /* SceneDelegate.swift */ = {isa = PBXFileReference; lastKnownFileType = sourcecode.swift; path = SceneDelegate.swift; sourceTree = "<group>"; };
		F3012FBB29C4AE1800138CE3 /* Base */ = {isa = PBXFileReference; lastKnownFileType = file.storyboard; name = Base; path = Base.lproj/Main.storyboard; sourceTree = "<group>"; };
		F3012FBD29C4AE1A00138CE3 /* Assets.xcassets */ = {isa = PBXFileReference; lastKnownFileType = folder.assetcatalog; path = Assets.xcassets; sourceTree = "<group>"; };
		F3012FC029C4AE1A00138CE3 /* Base */ = {isa = PBXFileReference; lastKnownFileType = file.storyboard; name = Base; path = Base.lproj/LaunchScreen.storyboard; sourceTree = "<group>"; };
		F3012FC229C4AE1B00138CE3 /* Info.plist */ = {isa = PBXFileReference; lastKnownFileType = text.plist.xml; path = Info.plist; sourceTree = "<group>"; };
		F3012FC829C9E30700138CE3 /* RootTabBarController.swift */ = {isa = PBXFileReference; lastKnownFileType = sourcecode.swift; path = RootTabBarController.swift; sourceTree = "<group>"; };
		F3012FCA29C9E35800138CE3 /* FeaturedArtViewController.swift */ = {isa = PBXFileReference; lastKnownFileType = sourcecode.swift; path = FeaturedArtViewController.swift; sourceTree = "<group>"; };
		F3012FCC29C9E37D00138CE3 /* CatalogViewController.swift */ = {isa = PBXFileReference; lastKnownFileType = sourcecode.swift; path = CatalogViewController.swift; sourceTree = "<group>"; };
		F3012FCE29C9E3A800138CE3 /* FavoritesViewController.swift */ = {isa = PBXFileReference; lastKnownFileType = sourcecode.swift; path = FavoritesViewController.swift; sourceTree = "<group>"; };
		F30CE99C29CC91F300013B2A /* ImageLoader.swift */ = {isa = PBXFileReference; lastKnownFileType = sourcecode.swift; path = ImageLoader.swift; sourceTree = "<group>"; };
		F30E834C29FBEDCF00283EE3 /* LoadingImageView.swift */ = {isa = PBXFileReference; lastKnownFileType = sourcecode.swift; path = LoadingImageView.swift; sourceTree = "<group>"; };
		F30E835129FE854C00283EE3 /* en */ = {isa = PBXFileReference; lastKnownFileType = text.plist.strings; name = en; path = en.lproj/Localizable.strings; sourceTree = "<group>"; };
		F30E835329FE85BA00283EE3 /* ru */ = {isa = PBXFileReference; lastKnownFileType = text.plist.strings; name = ru; path = ru.lproj/Localizable.strings; sourceTree = "<group>"; };
		F32400002AF542DD00B8C175 /* CatalogSectionTapToReloadView.swift */ = {isa = PBXFileReference; lastKnownFileType = sourcecode.swift; path = CatalogSectionTapToReloadView.swift; sourceTree = "<group>"; };
		F32400062AFA6A4D00B8C175 /* FeaturedArtistsContentView.swift */ = {isa = PBXFileReference; lastKnownFileType = sourcecode.swift; path = FeaturedArtistsContentView.swift; sourceTree = "<group>"; };
		F324000A2AFA6BB700B8C175 /* FeaturedArtistsCellData.swift */ = {isa = PBXFileReference; lastKnownFileType = sourcecode.swift; path = FeaturedArtistsCellData.swift; sourceTree = "<group>"; };
		F324000C2AFA6CB800B8C175 /* FeaturedArtistsContentView.xib */ = {isa = PBXFileReference; lastKnownFileType = file.xib; path = FeaturedArtistsContentView.xib; sourceTree = "<group>"; };
		F32400102AFBE53B00B8C175 /* DepartmentsSectionViewController.swift */ = {isa = PBXFileReference; lastKnownFileType = sourcecode.swift; path = DepartmentsSectionViewController.swift; sourceTree = "<group>"; };
		F32400192B027BD900B8C175 /* ArtistsService.swift */ = {isa = PBXFileReference; lastKnownFileType = sourcecode.swift; path = ArtistsService.swift; sourceTree = "<group>"; };
		F324001B2B02873700B8C175 /* ArtistsSectionViewController.swift */ = {isa = PBXFileReference; lastKnownFileType = sourcecode.swift; path = ArtistsSectionViewController.swift; sourceTree = "<group>"; };
		F324001D2B028C9300B8C175 /* ArtistsCatalogViewController.swift */ = {isa = PBXFileReference; lastKnownFileType = sourcecode.swift; path = ArtistsCatalogViewController.swift; sourceTree = "<group>"; };
		F324FFFE2AF532DE00B8C175 /* CatalogSectionLoadingView.swift */ = {isa = PBXFileReference; lastKnownFileType = sourcecode.swift; path = CatalogSectionLoadingView.swift; sourceTree = "<group>"; };
		F3451E912A05644D00C31619 /* Colors.xcassets */ = {isa = PBXFileReference; lastKnownFileType = folder.assetcatalog; path = Colors.xcassets; sourceTree = "<group>"; };
		F3451E932A05698200C31619 /* Caviar Dreams Bold.ttf */ = {isa = PBXFileReference; lastKnownFileType = file; name = "Caviar Dreams Bold.ttf"; path = "TheMET/Fonts/Caviar Dreams Bold.ttf"; sourceTree = SOURCE_ROOT; };
		F3451E942A05698200C31619 /* Caviar Dreams.ttf */ = {isa = PBXFileReference; lastKnownFileType = file; name = "Caviar Dreams.ttf"; path = "TheMET/Fonts/Caviar Dreams.ttf"; sourceTree = SOURCE_ROOT; };
		F3451E952A05698200C31619 /* Quattrocento.ttf */ = {isa = PBXFileReference; lastKnownFileType = file; name = Quattrocento.ttf; path = TheMET/Fonts/Quattrocento.ttf; sourceTree = SOURCE_ROOT; };
		F3528F7C2A06C19E000D9CEB /* Zen Kaku Gothic New Regular.ttf */ = {isa = PBXFileReference; lastKnownFileType = file; path = "Zen Kaku Gothic New Regular.ttf"; sourceTree = "<group>"; };
		F3528F7D2A06C19F000D9CEB /* Noto Serif JP.otf */ = {isa = PBXFileReference; lastKnownFileType = file; path = "Noto Serif JP.otf"; sourceTree = "<group>"; };
		F3528F7E2A06C19F000D9CEB /* Zen Kaku Gothic New Bold.ttf */ = {isa = PBXFileReference; lastKnownFileType = file; path = "Zen Kaku Gothic New Bold.ttf"; sourceTree = "<group>"; };
		F3528F822A0AB99A000D9CEB /* UINavigationItem+apply.swift */ = {isa = PBXFileReference; lastKnownFileType = sourcecode.swift; path = "UINavigationItem+apply.swift"; sourceTree = "<group>"; };
		F3528F872A0D0149000D9CEB /* UILabel+apply.swift */ = {isa = PBXFileReference; lastKnownFileType = sourcecode.swift; path = "UILabel+apply.swift"; sourceTree = "<group>"; };
		F3528F892A0D0171000D9CEB /* UIButton+apply.swift */ = {isa = PBXFileReference; lastKnownFileType = sourcecode.swift; path = "UIButton+apply.swift"; sourceTree = "<group>"; };
		F3528F922A0E7FDA000D9CEB /* DepartmentsSectionContentView.swift */ = {isa = PBXFileReference; fileEncoding = 4; lastKnownFileType = sourcecode.swift; path = DepartmentsSectionContentView.swift; sourceTree = "<group>"; };
		F3528F932A0E7FDA000D9CEB /* CatalogCell.swift */ = {isa = PBXFileReference; fileEncoding = 4; lastKnownFileType = sourcecode.swift; path = CatalogCell.swift; sourceTree = "<group>"; };
		F3528F942A0E7FDA000D9CEB /* DepartmentsSectionContentView.xib */ = {isa = PBXFileReference; fileEncoding = 4; lastKnownFileType = file.xib; path = DepartmentsSectionContentView.xib; sourceTree = "<group>"; };
		F36BD6CD2A7417870062AEFC /* ArtCellData.swift */ = {isa = PBXFileReference; lastKnownFileType = sourcecode.swift; path = ArtCellData.swift; sourceTree = "<group>"; };
		F36BD6CF2A7A7C580062AEFC /* ArtsLoadingIndicatorView.swift */ = {isa = PBXFileReference; lastKnownFileType = sourcecode.swift; path = ArtsLoadingIndicatorView.swift; sourceTree = "<group>"; };
		F36BD6D12A7C004C0062AEFC /* UISearchBar+apply.swift */ = {isa = PBXFileReference; lastKnownFileType = sourcecode.swift; path = "UISearchBar+apply.swift"; sourceTree = "<group>"; };
		F376B37A2A8290B600AA096B /* LoadingPlaceholderView.swift */ = {isa = PBXFileReference; lastKnownFileType = sourcecode.swift; path = LoadingPlaceholderView.swift; sourceTree = "<group>"; };
		F376B37D2A8529AC00AA096B /* ArtFilter.swift */ = {isa = PBXFileReference; lastKnownFileType = sourcecode.swift; path = ArtFilter.swift; sourceTree = "<group>"; };
		F3847C572A0E972B00501F0F /* GradientView.swift */ = {isa = PBXFileReference; lastKnownFileType = sourcecode.swift; path = GradientView.swift; sourceTree = "<group>"; };
		F3904AD92AEAD90000BFC3F4 /* Quattrocento Bold.ttf */ = {isa = PBXFileReference; lastKnownFileType = file; name = "Quattrocento Bold.ttf"; path = "Sources/Fonts/Quattrocento Bold.ttf"; sourceTree = SOURCE_ROOT; };
		F3904ADC2AEADBD900BFC3F4 /* NotoSerifJP-SemiBold.otf */ = {isa = PBXFileReference; lastKnownFileType = file; name = "NotoSerifJP-SemiBold.otf"; path = "../../../../../../Дизайн/Шрифты/Noto Serif JP/NotoSerifJP-SemiBold.otf"; sourceTree = "<group>"; };
		F3904AE22AF1559800BFC3F4 /* FeaturedArtistsView.swift */ = {isa = PBXFileReference; lastKnownFileType = sourcecode.swift; path = FeaturedArtistsView.swift; sourceTree = "<group>"; };
		F3A125382A8D021F00032DC3 /* FullScreenPhotoViewController.swift */ = {isa = PBXFileReference; lastKnownFileType = sourcecode.swift; path = FullScreenPhotoViewController.swift; sourceTree = "<group>"; };
		F3A1253B2A8E5AB400032DC3 /* ImageCache.swift */ = {isa = PBXFileReference; lastKnownFileType = sourcecode.swift; path = ImageCache.swift; sourceTree = "<group>"; };
		F3A1253D2A8E675600032DC3 /* ImageFileNameGenerator.swift */ = {isa = PBXFileReference; lastKnownFileType = sourcecode.swift; path = ImageFileNameGenerator.swift; sourceTree = "<group>"; };
		F3A6BFFF2AD0720200249847 /* Art.swift */ = {isa = PBXFileReference; fileEncoding = 4; lastKnownFileType = sourcecode.swift; path = Art.swift; sourceTree = "<group>"; };
		F3A6C0032AD6F30E00249847 /* AboutAppViewController.swift */ = {isa = PBXFileReference; lastKnownFileType = sourcecode.swift; path = AboutAppViewController.swift; sourceTree = "<group>"; };
		F3A6C0062AD7003100249847 /* AboutAppViewCell.swift */ = {isa = PBXFileReference; lastKnownFileType = sourcecode.swift; path = AboutAppViewCell.swift; sourceTree = "<group>"; };
		F3AC638F2A433FCF00BEF886 /* en */ = {isa = PBXFileReference; lastKnownFileType = text.plist.stringsdict; name = en; path = en.lproj/Localizable.stringsdict; sourceTree = "<group>"; };
		F3AC63912A433FD300BEF886 /* ru */ = {isa = PBXFileReference; lastKnownFileType = text.plist.stringsdict; name = ru; path = ru.lproj/Localizable.stringsdict; sourceTree = "<group>"; };
		F3BC62952A696C22003A39D9 /* String+artDescriptionText.swift */ = {isa = PBXFileReference; lastKnownFileType = sourcecode.swift; path = "String+artDescriptionText.swift"; sourceTree = "<group>"; };
		F3C7DB592A14F38C00DBBF87 /* FailedPlaceholderView.xib */ = {isa = PBXFileReference; fileEncoding = 4; lastKnownFileType = file.xib; path = FailedPlaceholderView.xib; sourceTree = "<group>"; };
		F3C7DB5A2A14F38C00DBBF87 /* FailedPlaceholderView.swift */ = {isa = PBXFileReference; fileEncoding = 4; lastKnownFileType = sourcecode.swift; path = FailedPlaceholderView.swift; sourceTree = "<group>"; };
		F3C7DB5E2A14F74700DBBF87 /* TagListView.swift */ = {isa = PBXFileReference; lastKnownFileType = sourcecode.swift; path = TagListView.swift; sourceTree = "<group>"; };
		F3D94C452B0539BD005D5CC9 /* ArtistArtsViewController.swift */ = {isa = PBXFileReference; lastKnownFileType = sourcecode.swift; path = ArtistArtsViewController.swift; sourceTree = "<group>"; };
		F3E712B12B28BBFC009BEE1B /* CulturesService.swift */ = {isa = PBXFileReference; lastKnownFileType = sourcecode.swift; path = CulturesService.swift; sourceTree = "<group>"; };
		F3E712B42B28BE6E009BEE1B /* CulturesSectionViewController.swift */ = {isa = PBXFileReference; lastKnownFileType = sourcecode.swift; path = CulturesSectionViewController.swift; sourceTree = "<group>"; };
		F3E712B62B28C18C009BEE1B /* CultureArtsViewController.swift */ = {isa = PBXFileReference; lastKnownFileType = sourcecode.swift; path = CultureArtsViewController.swift; sourceTree = "<group>"; };
		F3E712BC2B34A4D7009BEE1B /* CatalogSectionCellData.swift */ = {isa = PBXFileReference; lastKnownFileType = sourcecode.swift; path = CatalogSectionCellData.swift; sourceTree = "<group>"; };
		F3E712BE2B34A5C7009BEE1B /* CulturesSectionContentView.swift */ = {isa = PBXFileReference; lastKnownFileType = sourcecode.swift; path = CulturesSectionContentView.swift; sourceTree = "<group>"; };
		F3E712C02B34A69E009BEE1B /* CulturesSectionContentView.xib */ = {isa = PBXFileReference; lastKnownFileType = file.xib; path = CulturesSectionContentView.xib; sourceTree = "<group>"; };
		F3EDF2D52A20FB09000680B1 /* ArtFileManager.swift */ = {isa = PBXFileReference; lastKnownFileType = sourcecode.swift; path = ArtFileManager.swift; sourceTree = "<group>"; };
		F3F1D0452A449194003D4559 /* ArtView.swift */ = {isa = PBXFileReference; lastKnownFileType = sourcecode.swift; path = ArtView.swift; sourceTree = "<group>"; };
		F3F1D0472A49E58E003D4559 /* FavoritesService.swift */ = {isa = PBXFileReference; lastKnownFileType = sourcecode.swift; path = FavoritesService.swift; sourceTree = "<group>"; };
		F3F1D0492A4B0C8B003D4559 /* URL+getFolderURL.swift */ = {isa = PBXFileReference; lastKnownFileType = sourcecode.swift; path = "URL+getFolderURL.swift"; sourceTree = "<group>"; };
		F3F5E72A2A5312B70014CBF6 /* FeaturedArtService.swift */ = {isa = PBXFileReference; lastKnownFileType = sourcecode.swift; path = FeaturedArtService.swift; sourceTree = "<group>"; };
		F3F5E72C2A571EE20014CBF6 /* CategoryViewController.swift */ = {isa = PBXFileReference; lastKnownFileType = sourcecode.swift; path = CategoryViewController.swift; sourceTree = "<group>"; };
		F3F5E72E2A5D8AE10014CBF6 /* ArtViewCell.swift */ = {isa = PBXFileReference; lastKnownFileType = sourcecode.swift; path = ArtViewCell.swift; sourceTree = "<group>"; };
		F3F6A4EF2B1798550004B59F /* LoadingError.swift */ = {isa = PBXFileReference; lastKnownFileType = sourcecode.swift; path = LoadingError.swift; sourceTree = "<group>"; };
		F3FD733D2A700C7500B163EA /* LoadingStatus.swift */ = {isa = PBXFileReference; lastKnownFileType = sourcecode.swift; path = LoadingStatus.swift; sourceTree = "<group>"; };
/* End PBXFileReference section */

/* Begin PBXFrameworksBuildPhase section */
		F3012FAE29C4AE1800138CE3 /* Frameworks */ = {
			isa = PBXFrameworksBuildPhase;
			buildActionMask = 2147483647;
			files = (
				7D5FD39E2ACB042100F779B1 /* MetAPI.framework in Frameworks */,
			);
			runOnlyForDeploymentPostprocessing = 0;
		};
/* End PBXFrameworksBuildPhase section */

/* Begin PBXGroup section */
		7D5FD3922ACB034F00F779B1 /* MetAPI */ = {
			isa = PBXGroup;
			children = (
				7D5FD3932ACB038300F779B1 /* MetAPI.xcodeproj */,
			);
			path = MetAPI;
			sourceTree = "<group>";
		};
		7D5FD3942ACB038300F779B1 /* Products */ = {
			isa = PBXGroup;
			children = (
				7D5FD3982ACB038300F779B1 /* MetAPI.framework */,
			);
			name = Products;
			sourceTree = "<group>";
		};
		7D5FD39C2ACB042100F779B1 /* Frameworks */ = {
			isa = PBXGroup;
			children = (
			);
			name = Frameworks;
			sourceTree = "<group>";
		};
		F3012FA829C4AE1800138CE3 = {
			isa = PBXGroup;
			children = (
				F3AC63902A433FCF00BEF886 /* Localizable.stringsdict */,
				F30E835229FE854C00283EE3 /* Localizable.strings */,
				F3012FB329C4AE1800138CE3 /* TheMET */,
				F3012FB229C4AE1800138CE3 /* Products */,
				7D5FD39C2ACB042100F779B1 /* Frameworks */,
			);
			sourceTree = "<group>";
		};
		F3012FB229C4AE1800138CE3 /* Products */ = {
			isa = PBXGroup;
			children = (
				F3012FB129C4AE1800138CE3 /* TheMET.app */,
			);
			name = Products;
			sourceTree = "<group>";
		};
		F3012FB329C4AE1800138CE3 /* TheMET */ = {
			isa = PBXGroup;
			children = (
				F3E712BB2B34A4A2009BEE1B /* CatalogSectionCellData */,
				F3E712B82B28C611009BEE1B /* CultureContentView */,
				F32400042AFA6A1E00B8C175 /* FeaturedArtistsContentView */,
				7D5FD3922ACB034F00F779B1 /* MetAPI */,
				F3904AE02AF1557100BFC3F4 /* FeaturedArtistsView */,
				F3A6BFFC2AD0719200249847 /* DataModels */,
				F324FFFD2AF532B500B8C175 /* CatalogSectionsViews */,
				F3528F8B2A0D01AA000D9CEB /* ViewControllers */,
				F3F1D0442A449180003D4559 /* ArtView */,
				F3C7DB5D2A14F73800DBBF87 /* TagListView */,
				F3F5E7292A5312A30014CBF6 /* Services */,
				F30CE99B29CC91BD00013B2A /* Network */,
				F3C7DB582A14F36500DBBF87 /* LoadingPlaceholderView */,
				F3FD733C2A700C5B00B163EA /* Generic Types */,
				F3A125372A8D01DC00032DC3 /* FullScreenPhotoViewController */,
				F3451E992A05699A00C31619 /* Fonts */,
				F3528F862A0D00EA000D9CEB /* Extentions */,
				F3528F912A0E7FB7000D9CEB /* CatalogContentView */,
				F3A1253A2A8E5AA300032DC3 /* Cache */,
				F376B37C2A85299800AA096B /* ArtFilter */,
				F3012FC229C4AE1B00138CE3 /* Info.plist */,
				F3A6C0062AD7003100249847 /* AboutAppViewCell.swift */,
				F3012FB429C4AE1800138CE3 /* AppDelegate.swift */,
				F3012FB629C4AE1800138CE3 /* SceneDelegate.swift */,
				F3012FBD29C4AE1A00138CE3 /* Assets.xcassets */,
				F3451E912A05644D00C31619 /* Colors.xcassets */,
				F3012FBF29C4AE1A00138CE3 /* LaunchScreen.storyboard */,
				F3012FBA29C4AE1800138CE3 /* Main.storyboard */,
			);
			path = TheMET;
			sourceTree = "<group>";
		};
		F30CE99B29CC91BD00013B2A /* Network */ = {
			isa = PBXGroup;
			children = (
				F30CE99C29CC91F300013B2A /* ImageLoader.swift */,
				F30E834C29FBEDCF00283EE3 /* LoadingImageView.swift */,
				F3EDF2D52A20FB09000680B1 /* ArtFileManager.swift */,
			);
			path = Network;
			sourceTree = "<group>";
		};
		F32400042AFA6A1E00B8C175 /* FeaturedArtistsContentView */ = {
			isa = PBXGroup;
			children = (
				F32400062AFA6A4D00B8C175 /* FeaturedArtistsContentView.swift */,
				F324000A2AFA6BB700B8C175 /* FeaturedArtistsCellData.swift */,
				F324000C2AFA6CB800B8C175 /* FeaturedArtistsContentView.xib */,
			);
			path = FeaturedArtistsContentView;
			sourceTree = "<group>";
		};
		F324FFFD2AF532B500B8C175 /* CatalogSectionsViews */ = {
			isa = PBXGroup;
			children = (
				F324FFFE2AF532DE00B8C175 /* CatalogSectionLoadingView.swift */,
				F32400002AF542DD00B8C175 /* CatalogSectionTapToReloadView.swift */,
			);
			path = CatalogSectionsViews;
			sourceTree = "<group>";
		};
		F3451E992A05699A00C31619 /* Fonts */ = {
			isa = PBXGroup;
			children = (
				F3904AD92AEAD90000BFC3F4 /* Quattrocento Bold.ttf */,
				F3528F7C2A06C19E000D9CEB /* Zen Kaku Gothic New Regular.ttf */,
				F3528F7E2A06C19F000D9CEB /* Zen Kaku Gothic New Bold.ttf */,
				F3528F7D2A06C19F000D9CEB /* Noto Serif JP.otf */,
				F3904ADC2AEADBD900BFC3F4 /* NotoSerifJP-SemiBold.otf */,
				F3451E942A05698200C31619 /* Caviar Dreams.ttf */,
				F3451E952A05698200C31619 /* Quattrocento.ttf */,
				F3451E932A05698200C31619 /* Caviar Dreams Bold.ttf */,
			);
			path = Fonts;
			sourceTree = "<group>";
		};
		F3528F862A0D00EA000D9CEB /* Extentions */ = {
			isa = PBXGroup;
			children = (
				F3528F822A0AB99A000D9CEB /* UINavigationItem+apply.swift */,
				F3528F892A0D0171000D9CEB /* UIButton+apply.swift */,
				F3528F872A0D0149000D9CEB /* UILabel+apply.swift */,
				F3847C572A0E972B00501F0F /* GradientView.swift */,
				F3F1D0492A4B0C8B003D4559 /* URL+getFolderURL.swift */,
				F3BC62952A696C22003A39D9 /* String+artDescriptionText.swift */,
				F36BD6D12A7C004C0062AEFC /* UISearchBar+apply.swift */,
			);
			path = Extentions;
			sourceTree = "<group>";
		};
		F3528F8B2A0D01AA000D9CEB /* ViewControllers */ = {
			isa = PBXGroup;
			children = (
				F3012FC829C9E30700138CE3 /* RootTabBarController.swift */,
				F3012FCA29C9E35800138CE3 /* FeaturedArtViewController.swift */,
				F3012FCC29C9E37D00138CE3 /* CatalogViewController.swift */,
				F3012FCE29C9E3A800138CE3 /* FavoritesViewController.swift */,
				F3F5E72C2A571EE20014CBF6 /* CategoryViewController.swift */,
				F3A6C0032AD6F30E00249847 /* AboutAppViewController.swift */,
				F32400102AFBE53B00B8C175 /* DepartmentsSectionViewController.swift */,
				F324001B2B02873700B8C175 /* ArtistsSectionViewController.swift */,
				F324001D2B028C9300B8C175 /* ArtistsCatalogViewController.swift */,
				F3D94C452B0539BD005D5CC9 /* ArtistArtsViewController.swift */,
				F3E712B42B28BE6E009BEE1B /* CulturesSectionViewController.swift */,
				F3E712B62B28C18C009BEE1B /* CultureArtsViewController.swift */,
			);
			path = ViewControllers;
			sourceTree = "<group>";
		};
		F3528F912A0E7FB7000D9CEB /* CatalogContentView */ = {
			isa = PBXGroup;
			children = (
				F3528F932A0E7FDA000D9CEB /* CatalogCell.swift */,
				F3528F922A0E7FDA000D9CEB /* DepartmentsSectionContentView.swift */,
				F3528F942A0E7FDA000D9CEB /* DepartmentsSectionContentView.xib */,
			);
			path = CatalogContentView;
			sourceTree = "<group>";
		};
		F376B37C2A85299800AA096B /* ArtFilter */ = {
			isa = PBXGroup;
			children = (
				F376B37D2A8529AC00AA096B /* ArtFilter.swift */,
			);
			path = ArtFilter;
			sourceTree = "<group>";
		};
		F3904AE02AF1557100BFC3F4 /* FeaturedArtistsView */ = {
			isa = PBXGroup;
			children = (
				F3904AE22AF1559800BFC3F4 /* FeaturedArtistsView.swift */,
			);
			path = FeaturedArtistsView;
			sourceTree = "<group>";
		};
		F3A125372A8D01DC00032DC3 /* FullScreenPhotoViewController */ = {
			isa = PBXGroup;
			children = (
				F3A125382A8D021F00032DC3 /* FullScreenPhotoViewController.swift */,
			);
			path = FullScreenPhotoViewController;
			sourceTree = "<group>";
		};
		F3A1253A2A8E5AA300032DC3 /* Cache */ = {
			isa = PBXGroup;
			children = (
				F3A1253B2A8E5AB400032DC3 /* ImageCache.swift */,
				F3A1253D2A8E675600032DC3 /* ImageFileNameGenerator.swift */,
			);
			path = Cache;
			sourceTree = "<group>";
		};
		F3A6BFFC2AD0719200249847 /* DataModels */ = {
			isa = PBXGroup;
			children = (
				F3A6BFFF2AD0720200249847 /* Art.swift */,
			);
			path = DataModels;
			sourceTree = "<group>";
		};
		F3C7DB582A14F36500DBBF87 /* LoadingPlaceholderView */ = {
			isa = PBXGroup;
			children = (
				F3C7DB5A2A14F38C00DBBF87 /* FailedPlaceholderView.swift */,
				F3C7DB592A14F38C00DBBF87 /* FailedPlaceholderView.xib */,
				F376B37A2A8290B600AA096B /* LoadingPlaceholderView.swift */,
			);
			path = LoadingPlaceholderView;
			sourceTree = "<group>";
		};
		F3C7DB5D2A14F73800DBBF87 /* TagListView */ = {
			isa = PBXGroup;
			children = (
				F3C7DB5E2A14F74700DBBF87 /* TagListView.swift */,
			);
			path = TagListView;
			sourceTree = "<group>";
		};
		F3E712B82B28C611009BEE1B /* CultureContentView */ = {
			isa = PBXGroup;
			children = (
				F3E712BE2B34A5C7009BEE1B /* CulturesSectionContentView.swift */,
				F3E712C02B34A69E009BEE1B /* CulturesSectionContentView.xib */,
			);
			path = CultureContentView;
			sourceTree = "<group>";
		};
		F3E712BB2B34A4A2009BEE1B /* CatalogSectionCellData */ = {
			isa = PBXGroup;
			children = (
				F3E712BC2B34A4D7009BEE1B /* CatalogSectionCellData.swift */,
			);
			path = CatalogSectionCellData;
			sourceTree = "<group>";
		};
		F3F1D0442A449180003D4559 /* ArtView */ = {
			isa = PBXGroup;
			children = (
				F3F5E72E2A5D8AE10014CBF6 /* ArtViewCell.swift */,
				F36BD6CD2A7417870062AEFC /* ArtCellData.swift */,
				F3F1D0452A449194003D4559 /* ArtView.swift */,
				F36BD6CF2A7A7C580062AEFC /* ArtsLoadingIndicatorView.swift */,
			);
			path = ArtView;
			sourceTree = "<group>";
		};
		F3F5E7292A5312A30014CBF6 /* Services */ = {
			isa = PBXGroup;
			children = (
				F32400192B027BD900B8C175 /* ArtistsService.swift */,
				F3F1D0472A49E58E003D4559 /* FavoritesService.swift */,
				F3F5E72A2A5312B70014CBF6 /* FeaturedArtService.swift */,
				F3E712B12B28BBFC009BEE1B /* CulturesService.swift */,
			);
			path = Services;
			sourceTree = "<group>";
		};
		F3FD733C2A700C5B00B163EA /* Generic Types */ = {
			isa = PBXGroup;
			children = (
				F3FD733D2A700C7500B163EA /* LoadingStatus.swift */,
				F3F6A4EF2B1798550004B59F /* LoadingError.swift */,
			);
			path = "Generic Types";
			sourceTree = "<group>";
		};
/* End PBXGroup section */

/* Begin PBXNativeTarget section */
		F3012FB029C4AE1800138CE3 /* TheMET */ = {
			isa = PBXNativeTarget;
			buildConfigurationList = F3012FC529C4AE1B00138CE3 /* Build configuration list for PBXNativeTarget "TheMET" */;
			buildPhases = (
				F3012FAD29C4AE1800138CE3 /* Sources */,
				F3012FAE29C4AE1800138CE3 /* Frameworks */,
				F3012FAF29C4AE1800138CE3 /* Resources */,
				7D5FD3A02ACB042100F779B1 /* Embed Frameworks */,
			);
			buildRules = (
			);
			dependencies = (
			);
			name = TheMET;
			productName = TheMET;
			productReference = F3012FB129C4AE1800138CE3 /* TheMET.app */;
			productType = "com.apple.product-type.application";
		};
/* End PBXNativeTarget section */

/* Begin PBXProject section */
		F3012FA929C4AE1800138CE3 /* Project object */ = {
			isa = PBXProject;
			attributes = {
				BuildIndependentTargetsInParallel = 1;
				LastSwiftUpdateCheck = 1420;
				LastUpgradeCheck = 1420;
				TargetAttributes = {
					F3012FB029C4AE1800138CE3 = {
						CreatedOnToolsVersion = 14.2;
					};
				};
			};
			buildConfigurationList = F3012FAC29C4AE1800138CE3 /* Build configuration list for PBXProject "TheMET" */;
			compatibilityVersion = "Xcode 14.0";
			developmentRegion = en;
			hasScannedForEncodings = 0;
			knownRegions = (
				en,
				Base,
				ru,
			);
			mainGroup = F3012FA829C4AE1800138CE3;
			productRefGroup = F3012FB229C4AE1800138CE3 /* Products */;
			projectDirPath = "";
			projectReferences = (
				{
					ProductGroup = 7D5FD3942ACB038300F779B1 /* Products */;
					ProjectRef = 7D5FD3932ACB038300F779B1 /* MetAPI.xcodeproj */;
				},
			);
			projectRoot = "";
			targets = (
				F3012FB029C4AE1800138CE3 /* TheMET */,
			);
		};
/* End PBXProject section */

/* Begin PBXReferenceProxy section */
		7D5FD3982ACB038300F779B1 /* MetAPI.framework */ = {
			isa = PBXReferenceProxy;
			fileType = wrapper.framework;
			path = MetAPI.framework;
			remoteRef = 7D5FD3972ACB038300F779B1 /* PBXContainerItemProxy */;
			sourceTree = BUILT_PRODUCTS_DIR;
		};
/* End PBXReferenceProxy section */

/* Begin PBXResourcesBuildPhase section */
		F3012FAF29C4AE1800138CE3 /* Resources */ = {
			isa = PBXResourcesBuildPhase;
			buildActionMask = 2147483647;
			files = (
				F3012FC129C4AE1A00138CE3 /* LaunchScreen.storyboard in Resources */,
				F30E835029FE854C00283EE3 /* Localizable.strings in Resources */,
				F3904ADB2AEAD90000BFC3F4 /* Quattrocento Bold.ttf in Resources */,
				F3451E972A05698200C31619 /* Caviar Dreams.ttf in Resources */,
				F3012FBE29C4AE1A00138CE3 /* Assets.xcassets in Resources */,
				F324000D2AFA6CB800B8C175 /* FeaturedArtistsContentView.xib in Resources */,
				F3451E982A05698200C31619 /* Quattrocento.ttf in Resources */,
				F3451E962A05698200C31619 /* Caviar Dreams Bold.ttf in Resources */,
				F3528F7F2A06C19F000D9CEB /* Zen Kaku Gothic New Regular.ttf in Resources */,
				F3AC638E2A433FCF00BEF886 /* Localizable.stringsdict in Resources */,
				F3528F972A0E7FDA000D9CEB /* DepartmentsSectionContentView.xib in Resources */,
				F3C7DB5B2A14F38C00DBBF87 /* FailedPlaceholderView.xib in Resources */,
				F3528F802A06C19F000D9CEB /* Noto Serif JP.otf in Resources */,
				F3528F812A06C19F000D9CEB /* Zen Kaku Gothic New Bold.ttf in Resources */,
				F3012FBC29C4AE1800138CE3 /* Main.storyboard in Resources */,
				F3904ADD2AEADBD900BFC3F4 /* NotoSerifJP-SemiBold.otf in Resources */,
				F3451E922A05644D00C31619 /* Colors.xcassets in Resources */,
				F3E712C12B34A69E009BEE1B /* CulturesSectionContentView.xib in Resources */,
			);
			runOnlyForDeploymentPostprocessing = 0;
		};
/* End PBXResourcesBuildPhase section */

/* Begin PBXSourcesBuildPhase section */
		F3012FAD29C4AE1800138CE3 /* Sources */ = {
			isa = PBXSourcesBuildPhase;
			buildActionMask = 2147483647;
			files = (
				F32400012AF542DD00B8C175 /* CatalogSectionTapToReloadView.swift in Sources */,
				F3012FCD29C9E37D00138CE3 /* CatalogViewController.swift in Sources */,
				F3A1253E2A8E675600032DC3 /* ImageFileNameGenerator.swift in Sources */,
				F3A6C0042AD6F30E00249847 /* AboutAppViewController.swift in Sources */,
				F324000B2AFA6BB700B8C175 /* FeaturedArtistsCellData.swift in Sources */,
				F3847C582A0E972B00501F0F /* GradientView.swift in Sources */,
				F3E712B72B28C18C009BEE1B /* CultureArtsViewController.swift in Sources */,
				F3F1D04A2A4B0C8B003D4559 /* URL+getFolderURL.swift in Sources */,
				F376B37E2A8529AC00AA096B /* ArtFilter.swift in Sources */,
				F32400112AFBE53B00B8C175 /* DepartmentsSectionViewController.swift in Sources */,
				F3E712BF2B34A5C7009BEE1B /* CulturesSectionContentView.swift in Sources */,
				F3528F8A2A0D0171000D9CEB /* UIButton+apply.swift in Sources */,
				F3904AE32AF1559800BFC3F4 /* FeaturedArtistsView.swift in Sources */,
				F3012FCB29C9E35800138CE3 /* FeaturedArtViewController.swift in Sources */,
				F3EDF2D62A20FB09000680B1 /* ArtFileManager.swift in Sources */,
				F3F5E72F2A5D8AE10014CBF6 /* ArtViewCell.swift in Sources */,
				F3012FC929C9E30700138CE3 /* RootTabBarController.swift in Sources */,
				F3F1D0462A449194003D4559 /* ArtView.swift in Sources */,
				F3E712B52B28BE6E009BEE1B /* CulturesSectionViewController.swift in Sources */,
				F3528F952A0E7FDA000D9CEB /* DepartmentsSectionContentView.swift in Sources */,
				F3528F962A0E7FDA000D9CEB /* CatalogCell.swift in Sources */,
				F3012FB529C4AE1800138CE3 /* AppDelegate.swift in Sources */,
				F3BC62962A696C22003A39D9 /* String+artDescriptionText.swift in Sources */,
				F3F6A4F02B1798550004B59F /* LoadingError.swift in Sources */,
				F36BD6CE2A7417870062AEFC /* ArtCellData.swift in Sources */,
				F3A6C0002AD0720200249847 /* Art.swift in Sources */,
				F3528F832A0AB99A000D9CEB /* UINavigationItem+apply.swift in Sources */,
				F30CE99D29CC91F300013B2A /* ImageLoader.swift in Sources */,
				F30E834D29FBEDCF00283EE3 /* LoadingImageView.swift in Sources */,
				F324001C2B02873700B8C175 /* ArtistsSectionViewController.swift in Sources */,
				F3A6C0072AD7003100249847 /* AboutAppViewCell.swift in Sources */,
				F3FD733E2A700C7500B163EA /* LoadingStatus.swift in Sources */,
				F3C7DB5C2A14F38C00DBBF87 /* FailedPlaceholderView.swift in Sources */,
				F3E712B22B28BBFC009BEE1B /* CulturesService.swift in Sources */,
				F3012FCF29C9E3A800138CE3 /* FavoritesViewController.swift in Sources */,
				F324001E2B028C9400B8C175 /* ArtistsCatalogViewController.swift in Sources */,
				F3012FB729C4AE1800138CE3 /* SceneDelegate.swift in Sources */,
				F3F1D0482A49E58E003D4559 /* FavoritesService.swift in Sources */,
				F3E712BD2B34A4D7009BEE1B /* CatalogSectionCellData.swift in Sources */,
				F3F5E72B2A5312B70014CBF6 /* FeaturedArtService.swift in Sources */,
				F3C7DB5F2A14F74700DBBF87 /* TagListView.swift in Sources */,
				F324001A2B027BD900B8C175 /* ArtistsService.swift in Sources */,
				F36BD6D02A7A7C580062AEFC /* ArtsLoadingIndicatorView.swift in Sources */,
				F3D94C462B0539BD005D5CC9 /* ArtistArtsViewController.swift in Sources */,
				F376B37B2A8290B600AA096B /* LoadingPlaceholderView.swift in Sources */,
				F36BD6D22A7C004C0062AEFC /* UISearchBar+apply.swift in Sources */,
				F32400072AFA6A4D00B8C175 /* FeaturedArtistsContentView.swift in Sources */,
				F3F5E72D2A571EE20014CBF6 /* CategoryViewController.swift in Sources */,
				F324FFFF2AF532DE00B8C175 /* CatalogSectionLoadingView.swift in Sources */,
				F3A125392A8D021F00032DC3 /* FullScreenPhotoViewController.swift in Sources */,
				F3528F882A0D0149000D9CEB /* UILabel+apply.swift in Sources */,
				F3A1253C2A8E5AB400032DC3 /* ImageCache.swift in Sources */,
			);
			runOnlyForDeploymentPostprocessing = 0;
		};
/* End PBXSourcesBuildPhase section */

/* Begin PBXVariantGroup section */
		F3012FBA29C4AE1800138CE3 /* Main.storyboard */ = {
			isa = PBXVariantGroup;
			children = (
				F3012FBB29C4AE1800138CE3 /* Base */,
			);
			name = Main.storyboard;
			sourceTree = "<group>";
		};
		F3012FBF29C4AE1A00138CE3 /* LaunchScreen.storyboard */ = {
			isa = PBXVariantGroup;
			children = (
				F3012FC029C4AE1A00138CE3 /* Base */,
			);
			name = LaunchScreen.storyboard;
			sourceTree = "<group>";
		};
		F30E835229FE854C00283EE3 /* Localizable.strings */ = {
			isa = PBXVariantGroup;
			children = (
				F30E835129FE854C00283EE3 /* en */,
				F30E835329FE85BA00283EE3 /* ru */,
			);
			name = Localizable.strings;
			sourceTree = "<group>";
		};
		F3AC63902A433FCF00BEF886 /* Localizable.stringsdict */ = {
			isa = PBXVariantGroup;
			children = (
				F3AC638F2A433FCF00BEF886 /* en */,
				F3AC63912A433FD300BEF886 /* ru */,
			);
			name = Localizable.stringsdict;
			sourceTree = "<group>";
		};
/* End PBXVariantGroup section */

/* Begin XCBuildConfiguration section */
		F3012FC329C4AE1B00138CE3 /* Debug */ = {
			isa = XCBuildConfiguration;
			buildSettings = {
				ALWAYS_SEARCH_USER_PATHS = NO;
				CLANG_ANALYZER_LOCALIZABILITY_NONLOCALIZED = YES;
				CLANG_ANALYZER_NONNULL = YES;
				CLANG_ANALYZER_NUMBER_OBJECT_CONVERSION = YES_AGGRESSIVE;
				CLANG_CXX_LANGUAGE_STANDARD = "gnu++20";
				CLANG_ENABLE_MODULES = YES;
				CLANG_ENABLE_OBJC_ARC = YES;
				CLANG_ENABLE_OBJC_WEAK = YES;
				CLANG_WARN_BLOCK_CAPTURE_AUTORELEASING = YES;
				CLANG_WARN_BOOL_CONVERSION = YES;
				CLANG_WARN_COMMA = YES;
				CLANG_WARN_CONSTANT_CONVERSION = YES;
				CLANG_WARN_DEPRECATED_OBJC_IMPLEMENTATIONS = YES;
				CLANG_WARN_DIRECT_OBJC_ISA_USAGE = YES_ERROR;
				CLANG_WARN_DOCUMENTATION_COMMENTS = YES;
				CLANG_WARN_EMPTY_BODY = YES;
				CLANG_WARN_ENUM_CONVERSION = YES;
				CLANG_WARN_INFINITE_RECURSION = YES;
				CLANG_WARN_INT_CONVERSION = YES;
				CLANG_WARN_NON_LITERAL_NULL_CONVERSION = YES;
				CLANG_WARN_OBJC_IMPLICIT_RETAIN_SELF = YES;
				CLANG_WARN_OBJC_LITERAL_CONVERSION = YES;
				CLANG_WARN_OBJC_ROOT_CLASS = YES_ERROR;
				CLANG_WARN_QUOTED_INCLUDE_IN_FRAMEWORK_HEADER = YES;
				CLANG_WARN_RANGE_LOOP_ANALYSIS = YES;
				CLANG_WARN_STRICT_PROTOTYPES = YES;
				CLANG_WARN_SUSPICIOUS_MOVE = YES;
				CLANG_WARN_UNGUARDED_AVAILABILITY = YES_AGGRESSIVE;
				CLANG_WARN_UNREACHABLE_CODE = YES;
				CLANG_WARN__DUPLICATE_METHOD_MATCH = YES;
				COPY_PHASE_STRIP = NO;
				DEBUG_INFORMATION_FORMAT = dwarf;
				ENABLE_STRICT_OBJC_MSGSEND = YES;
				ENABLE_TESTABILITY = YES;
				GCC_C_LANGUAGE_STANDARD = gnu11;
				GCC_DYNAMIC_NO_PIC = NO;
				GCC_NO_COMMON_BLOCKS = YES;
				GCC_OPTIMIZATION_LEVEL = 0;
				GCC_PREPROCESSOR_DEFINITIONS = (
					"DEBUG=1",
					"$(inherited)",
				);
				GCC_WARN_64_TO_32_BIT_CONVERSION = YES;
				GCC_WARN_ABOUT_RETURN_TYPE = YES_ERROR;
				GCC_WARN_UNDECLARED_SELECTOR = YES;
				GCC_WARN_UNINITIALIZED_AUTOS = YES_AGGRESSIVE;
				GCC_WARN_UNUSED_FUNCTION = YES;
				GCC_WARN_UNUSED_VARIABLE = YES;
				IPHONEOS_DEPLOYMENT_TARGET = 16.2;
				MTL_ENABLE_DEBUG_INFO = INCLUDE_SOURCE;
				MTL_FAST_MATH = YES;
				ONLY_ACTIVE_ARCH = YES;
				SDKROOT = iphoneos;
				SWIFT_ACTIVE_COMPILATION_CONDITIONS = DEBUG;
				SWIFT_OPTIMIZATION_LEVEL = "-Onone";
			};
			name = Debug;
		};
		F3012FC429C4AE1B00138CE3 /* Release */ = {
			isa = XCBuildConfiguration;
			buildSettings = {
				ALWAYS_SEARCH_USER_PATHS = NO;
				CLANG_ANALYZER_LOCALIZABILITY_NONLOCALIZED = YES;
				CLANG_ANALYZER_NONNULL = YES;
				CLANG_ANALYZER_NUMBER_OBJECT_CONVERSION = YES_AGGRESSIVE;
				CLANG_CXX_LANGUAGE_STANDARD = "gnu++20";
				CLANG_ENABLE_MODULES = YES;
				CLANG_ENABLE_OBJC_ARC = YES;
				CLANG_ENABLE_OBJC_WEAK = YES;
				CLANG_WARN_BLOCK_CAPTURE_AUTORELEASING = YES;
				CLANG_WARN_BOOL_CONVERSION = YES;
				CLANG_WARN_COMMA = YES;
				CLANG_WARN_CONSTANT_CONVERSION = YES;
				CLANG_WARN_DEPRECATED_OBJC_IMPLEMENTATIONS = YES;
				CLANG_WARN_DIRECT_OBJC_ISA_USAGE = YES_ERROR;
				CLANG_WARN_DOCUMENTATION_COMMENTS = YES;
				CLANG_WARN_EMPTY_BODY = YES;
				CLANG_WARN_ENUM_CONVERSION = YES;
				CLANG_WARN_INFINITE_RECURSION = YES;
				CLANG_WARN_INT_CONVERSION = YES;
				CLANG_WARN_NON_LITERAL_NULL_CONVERSION = YES;
				CLANG_WARN_OBJC_IMPLICIT_RETAIN_SELF = YES;
				CLANG_WARN_OBJC_LITERAL_CONVERSION = YES;
				CLANG_WARN_OBJC_ROOT_CLASS = YES_ERROR;
				CLANG_WARN_QUOTED_INCLUDE_IN_FRAMEWORK_HEADER = YES;
				CLANG_WARN_RANGE_LOOP_ANALYSIS = YES;
				CLANG_WARN_STRICT_PROTOTYPES = YES;
				CLANG_WARN_SUSPICIOUS_MOVE = YES;
				CLANG_WARN_UNGUARDED_AVAILABILITY = YES_AGGRESSIVE;
				CLANG_WARN_UNREACHABLE_CODE = YES;
				CLANG_WARN__DUPLICATE_METHOD_MATCH = YES;
				COPY_PHASE_STRIP = NO;
				DEBUG_INFORMATION_FORMAT = "dwarf-with-dsym";
				ENABLE_NS_ASSERTIONS = NO;
				ENABLE_STRICT_OBJC_MSGSEND = YES;
				GCC_C_LANGUAGE_STANDARD = gnu11;
				GCC_NO_COMMON_BLOCKS = YES;
				GCC_WARN_64_TO_32_BIT_CONVERSION = YES;
				GCC_WARN_ABOUT_RETURN_TYPE = YES_ERROR;
				GCC_WARN_UNDECLARED_SELECTOR = YES;
				GCC_WARN_UNINITIALIZED_AUTOS = YES_AGGRESSIVE;
				GCC_WARN_UNUSED_FUNCTION = YES;
				GCC_WARN_UNUSED_VARIABLE = YES;
				IPHONEOS_DEPLOYMENT_TARGET = 16.2;
				MTL_ENABLE_DEBUG_INFO = NO;
				MTL_FAST_MATH = YES;
				SDKROOT = iphoneos;
				SWIFT_COMPILATION_MODE = wholemodule;
				SWIFT_OPTIMIZATION_LEVEL = "-O";
				VALIDATE_PRODUCT = YES;
			};
			name = Release;
		};
		F3012FC629C4AE1B00138CE3 /* Debug */ = {
			isa = XCBuildConfiguration;
			buildSettings = {
				ASSETCATALOG_COMPILER_APPICON_NAME = AppIcon;
				ASSETCATALOG_COMPILER_GLOBAL_ACCENT_COLOR_NAME = AccentColor;
				CODE_SIGN_STYLE = Automatic;
				CURRENT_PROJECT_VERSION = 1.1;
				DEVELOPMENT_TEAM = 59X77F6RBT;
				GENERATE_INFOPLIST_FILE = YES;
				INFOPLIST_FILE = TheMET/Info.plist;
				INFOPLIST_KEY_UIApplicationSupportsIndirectInputEvents = YES;
				INFOPLIST_KEY_UILaunchStoryboardName = LaunchScreen;
				INFOPLIST_KEY_UIMainStoryboardFile = Main;
				INFOPLIST_KEY_UISupportedInterfaceOrientations = UIInterfaceOrientationPortrait;
				LD_RUNPATH_SEARCH_PATHS = (
					"$(inherited)",
					"@executable_path/Frameworks",
				);
				MARKETING_VERSION = 1.1;
				PRODUCT_BUNDLE_IDENTIFIER = com.themetapp.ios;
				PRODUCT_NAME = "$(TARGET_NAME)";
				SUPPORTED_PLATFORMS = "iphoneos iphonesimulator";
				SUPPORTS_MACCATALYST = NO;
				SUPPORTS_MAC_DESIGNED_FOR_IPHONE_IPAD = NO;
				SWIFT_EMIT_LOC_STRINGS = YES;
				SWIFT_VERSION = 5.0;
				TARGETED_DEVICE_FAMILY = 1;
			};
			name = Debug;
		};
		F3012FC729C4AE1B00138CE3 /* Release */ = {
			isa = XCBuildConfiguration;
			buildSettings = {
				ASSETCATALOG_COMPILER_APPICON_NAME = AppIcon;
				ASSETCATALOG_COMPILER_GLOBAL_ACCENT_COLOR_NAME = AccentColor;
				CODE_SIGN_STYLE = Automatic;
				CURRENT_PROJECT_VERSION = 1.1;
				DEVELOPMENT_TEAM = 59X77F6RBT;
				GENERATE_INFOPLIST_FILE = YES;
				INFOPLIST_FILE = TheMET/Info.plist;
				INFOPLIST_KEY_UIApplicationSupportsIndirectInputEvents = YES;
				INFOPLIST_KEY_UILaunchStoryboardName = LaunchScreen;
				INFOPLIST_KEY_UIMainStoryboardFile = Main;
				INFOPLIST_KEY_UISupportedInterfaceOrientations = UIInterfaceOrientationPortrait;
				LD_RUNPATH_SEARCH_PATHS = (
					"$(inherited)",
					"@executable_path/Frameworks",
				);
				MARKETING_VERSION = 1.1;
				PRODUCT_BUNDLE_IDENTIFIER = com.themetapp.ios;
				PRODUCT_NAME = "$(TARGET_NAME)";
				SUPPORTED_PLATFORMS = "iphoneos iphonesimulator";
				SUPPORTS_MACCATALYST = NO;
				SUPPORTS_MAC_DESIGNED_FOR_IPHONE_IPAD = NO;
				SWIFT_EMIT_LOC_STRINGS = YES;
				SWIFT_VERSION = 5.0;
				TARGETED_DEVICE_FAMILY = 1;
			};
			name = Release;
		};
/* End XCBuildConfiguration section */

/* Begin XCConfigurationList section */
		F3012FAC29C4AE1800138CE3 /* Build configuration list for PBXProject "TheMET" */ = {
			isa = XCConfigurationList;
			buildConfigurations = (
				F3012FC329C4AE1B00138CE3 /* Debug */,
				F3012FC429C4AE1B00138CE3 /* Release */,
			);
			defaultConfigurationIsVisible = 0;
			defaultConfigurationName = Release;
		};
		F3012FC529C4AE1B00138CE3 /* Build configuration list for PBXNativeTarget "TheMET" */ = {
			isa = XCConfigurationList;
			buildConfigurations = (
				F3012FC629C4AE1B00138CE3 /* Debug */,
				F3012FC729C4AE1B00138CE3 /* Release */,
			);
			defaultConfigurationIsVisible = 0;
			defaultConfigurationName = Release;
		};
/* End XCConfigurationList section */
	};
	rootObject = F3012FA929C4AE1800138CE3 /* Project object */;
}
