// !$*UTF8*$!
{
	archiveVersion = 1;
	classes = {
	};
	objectVersion = 56;
	objects = {

/* Begin PBXBuildFile section */
		F3012FB529C4AE1800138CE3 /* AppDelegate.swift in Sources */ = {isa = PBXBuildFile; fileRef = F3012FB429C4AE1800138CE3 /* AppDelegate.swift */; };
		F3012FB729C4AE1800138CE3 /* SceneDelegate.swift in Sources */ = {isa = PBXBuildFile; fileRef = F3012FB629C4AE1800138CE3 /* SceneDelegate.swift */; };
		F3012FBC29C4AE1800138CE3 /* Main.storyboard in Resources */ = {isa = PBXBuildFile; fileRef = F3012FBA29C4AE1800138CE3 /* Main.storyboard */; };
		F3012FBE29C4AE1A00138CE3 /* Assets.xcassets in Resources */ = {isa = PBXBuildFile; fileRef = F3012FBD29C4AE1A00138CE3 /* Assets.xcassets */; };
		F3012FC129C4AE1A00138CE3 /* LaunchScreen.storyboard in Resources */ = {isa = PBXBuildFile; fileRef = F3012FBF29C4AE1A00138CE3 /* LaunchScreen.storyboard */; };
		F3012FC929C9E30700138CE3 /* RootTabBarController.swift in Sources */ = {isa = PBXBuildFile; fileRef = F3012FC829C9E30700138CE3 /* RootTabBarController.swift */; };
		F3012FCB29C9E35800138CE3 /* FeaturedArtViewController.swift in Sources */ = {isa = PBXBuildFile; fileRef = F3012FCA29C9E35800138CE3 /* FeaturedArtViewController.swift */; };
		F3012FCD29C9E37D00138CE3 /* CatalogViewController.swift in Sources */ = {isa = PBXBuildFile; fileRef = F3012FCC29C9E37D00138CE3 /* CatalogViewController.swift */; };
		F3012FCF29C9E3A800138CE3 /* FavoritesViewController.swift in Sources */ = {isa = PBXBuildFile; fileRef = F3012FCE29C9E3A800138CE3 /* FavoritesViewController.swift */; };
		F30CE99529CA005F00013B2A /* Art.swift in Sources */ = {isa = PBXBuildFile; fileRef = F30CE99429CA005F00013B2A /* Art.swift */; };
		F30CE99729CA007A00013B2A /* Department.swift in Sources */ = {isa = PBXBuildFile; fileRef = F30CE99629CA007A00013B2A /* Department.swift */; };
		F30CE99A29CA0A2700013B2A /* NetworkManager.swift in Sources */ = {isa = PBXBuildFile; fileRef = F30CE99929CA0A2700013B2A /* NetworkManager.swift */; };
		F30CE99D29CC91F300013B2A /* ImageLoader.swift in Sources */ = {isa = PBXBuildFile; fileRef = F30CE99C29CC91F300013B2A /* ImageLoader.swift */; };
		F30E834529F6AD5A00283EE3 /* FailedToLoadView.xib in Resources */ = {isa = PBXBuildFile; fileRef = F30E834429F6AD5A00283EE3 /* FailedToLoadView.xib */; };
		F30E834729F7E5EA00283EE3 /* FailedToLoadView.swift in Sources */ = {isa = PBXBuildFile; fileRef = F30E834629F7E5EA00283EE3 /* FailedToLoadView.swift */; };
		F30E834929F7FD2500283EE3 /* MetAPI.swift in Sources */ = {isa = PBXBuildFile; fileRef = F30E834829F7FD2500283EE3 /* MetAPI.swift */; };
		F30E834B29F7FEFD00283EE3 /* ObjectsResponse.swift in Sources */ = {isa = PBXBuildFile; fileRef = F30E834A29F7FEFD00283EE3 /* ObjectsResponse.swift */; };
		F30E834D29FBEDCF00283EE3 /* LoadingImageView.swift in Sources */ = {isa = PBXBuildFile; fileRef = F30E834C29FBEDCF00283EE3 /* LoadingImageView.swift */; };
		F30E835029FE854C00283EE3 /* Localizable.strings in Resources */ = {isa = PBXBuildFile; fileRef = F30E835229FE854C00283EE3 /* Localizable.strings */; };
		F37A93A52A04064B00AA1DEA /* ObjectResponse.swift in Sources */ = {isa = PBXBuildFile; fileRef = F37A93A42A04064B00AA1DEA /* ObjectResponse.swift */; };
		F3F5C5D329EEE6DC004CFA85 /* FeaturedArtWorkLoadingView.swift in Sources */ = {isa = PBXBuildFile; fileRef = F3F5C5D229EEE6DC004CFA85 /* FeaturedArtWorkLoadingView.swift */; };
		F3F5C5D529EEF3EF004CFA85 /* FeaturedArtWorkLoadingView.xib in Resources */ = {isa = PBXBuildFile; fileRef = F3F5C5D429EEF3EF004CFA85 /* FeaturedArtWorkLoadingView.xib */; };
/* End PBXBuildFile section */

/* Begin PBXFileReference section */
		F3012FB129C4AE1800138CE3 /* TheMET.app */ = {isa = PBXFileReference; explicitFileType = wrapper.application; includeInIndex = 0; path = TheMET.app; sourceTree = BUILT_PRODUCTS_DIR; };
		F3012FB429C4AE1800138CE3 /* AppDelegate.swift */ = {isa = PBXFileReference; lastKnownFileType = sourcecode.swift; path = AppDelegate.swift; sourceTree = "<group>"; };
		F3012FB629C4AE1800138CE3 /* SceneDelegate.swift */ = {isa = PBXFileReference; lastKnownFileType = sourcecode.swift; path = SceneDelegate.swift; sourceTree = "<group>"; };
		F3012FBB29C4AE1800138CE3 /* Base */ = {isa = PBXFileReference; lastKnownFileType = file.storyboard; name = Base; path = Base.lproj/Main.storyboard; sourceTree = "<group>"; };
		F3012FBD29C4AE1A00138CE3 /* Assets.xcassets */ = {isa = PBXFileReference; lastKnownFileType = folder.assetcatalog; path = Assets.xcassets; sourceTree = "<group>"; };
		F3012FC029C4AE1A00138CE3 /* Base */ = {isa = PBXFileReference; lastKnownFileType = file.storyboard; name = Base; path = Base.lproj/LaunchScreen.storyboard; sourceTree = "<group>"; };
		F3012FC229C4AE1B00138CE3 /* Info.plist */ = {isa = PBXFileReference; lastKnownFileType = text.plist.xml; path = Info.plist; sourceTree = "<group>"; };
		F3012FC829C9E30700138CE3 /* RootTabBarController.swift */ = {isa = PBXFileReference; lastKnownFileType = sourcecode.swift; path = RootTabBarController.swift; sourceTree = "<group>"; };
		F3012FCA29C9E35800138CE3 /* FeaturedArtViewController.swift */ = {isa = PBXFileReference; lastKnownFileType = sourcecode.swift; path = FeaturedArtViewController.swift; sourceTree = "<group>"; };
		F3012FCC29C9E37D00138CE3 /* CatalogViewController.swift */ = {isa = PBXFileReference; lastKnownFileType = sourcecode.swift; path = CatalogViewController.swift; sourceTree = "<group>"; };
		F3012FCE29C9E3A800138CE3 /* FavoritesViewController.swift */ = {isa = PBXFileReference; lastKnownFileType = sourcecode.swift; path = FavoritesViewController.swift; sourceTree = "<group>"; };
		F30CE99429CA005F00013B2A /* Art.swift */ = {isa = PBXFileReference; lastKnownFileType = sourcecode.swift; path = Art.swift; sourceTree = "<group>"; };
		F30CE99629CA007A00013B2A /* Department.swift */ = {isa = PBXFileReference; lastKnownFileType = sourcecode.swift; path = Department.swift; sourceTree = "<group>"; };
		F30CE99929CA0A2700013B2A /* NetworkManager.swift */ = {isa = PBXFileReference; lastKnownFileType = sourcecode.swift; path = NetworkManager.swift; sourceTree = "<group>"; };
		F30CE99C29CC91F300013B2A /* ImageLoader.swift */ = {isa = PBXFileReference; lastKnownFileType = sourcecode.swift; path = ImageLoader.swift; sourceTree = "<group>"; };
		F30E834429F6AD5A00283EE3 /* FailedToLoadView.xib */ = {isa = PBXFileReference; lastKnownFileType = file.xib; path = FailedToLoadView.xib; sourceTree = "<group>"; };
		F30E834629F7E5EA00283EE3 /* FailedToLoadView.swift */ = {isa = PBXFileReference; lastKnownFileType = sourcecode.swift; path = FailedToLoadView.swift; sourceTree = "<group>"; };
		F30E834829F7FD2500283EE3 /* MetAPI.swift */ = {isa = PBXFileReference; lastKnownFileType = sourcecode.swift; path = MetAPI.swift; sourceTree = "<group>"; };
		F30E834A29F7FEFD00283EE3 /* ObjectsResponse.swift */ = {isa = PBXFileReference; lastKnownFileType = sourcecode.swift; path = ObjectsResponse.swift; sourceTree = "<group>"; };
		F30E834C29FBEDCF00283EE3 /* LoadingImageView.swift */ = {isa = PBXFileReference; lastKnownFileType = sourcecode.swift; path = LoadingImageView.swift; sourceTree = "<group>"; };
		F30E835129FE854C00283EE3 /* en */ = {isa = PBXFileReference; lastKnownFileType = text.plist.strings; name = en; path = en.lproj/Localizable.strings; sourceTree = "<group>"; };
		F30E835329FE85BA00283EE3 /* ru */ = {isa = PBXFileReference; lastKnownFileType = text.plist.strings; name = ru; path = ru.lproj/Localizable.strings; sourceTree = "<group>"; };
		F37A93A42A04064B00AA1DEA /* ObjectResponse.swift */ = {isa = PBXFileReference; fileEncoding = 4; lastKnownFileType = sourcecode.swift; path = ObjectResponse.swift; sourceTree = "<group>"; };
		F3F5C5D229EEE6DC004CFA85 /* FeaturedArtWorkLoadingView.swift */ = {isa = PBXFileReference; lastKnownFileType = sourcecode.swift; path = FeaturedArtWorkLoadingView.swift; sourceTree = "<group>"; };
		F3F5C5D429EEF3EF004CFA85 /* FeaturedArtWorkLoadingView.xib */ = {isa = PBXFileReference; lastKnownFileType = file.xib; path = FeaturedArtWorkLoadingView.xib; sourceTree = "<group>"; };
/* End PBXFileReference section */

/* Begin PBXFrameworksBuildPhase section */
		F3012FAE29C4AE1800138CE3 /* Frameworks */ = {
			isa = PBXFrameworksBuildPhase;
			buildActionMask = 2147483647;
			files = (
			);
			runOnlyForDeploymentPostprocessing = 0;
		};
/* End PBXFrameworksBuildPhase section */

/* Begin PBXGroup section */
		F3012FA829C4AE1800138CE3 = {
			isa = PBXGroup;
			children = (
				F30E835229FE854C00283EE3 /* Localizable.strings */,
				F3012FB329C4AE1800138CE3 /* TheMET */,
				F3012FB229C4AE1800138CE3 /* Products */,
			);
			sourceTree = "<group>";
		};
		F3012FB229C4AE1800138CE3 /* Products */ = {
			isa = PBXGroup;
			children = (
				F3012FB129C4AE1800138CE3 /* TheMET.app */,
			);
			name = Products;
			sourceTree = "<group>";
		};
		F3012FB329C4AE1800138CE3 /* TheMET */ = {
			isa = PBXGroup;
			children = (
				F30E834129F6AD1500283EE3 /* FailedToLoadView */,
				F37EB74829F2AC1600A0B008 /* FeaturedArtWorkLoadingView */,
				F30CE99B29CC91BD00013B2A /* Network */,
				F30CE99329CA003800013B2A /* DataModels */,
				F3012FB429C4AE1800138CE3 /* AppDelegate.swift */,
				F3012FB629C4AE1800138CE3 /* SceneDelegate.swift */,
				F3012FC829C9E30700138CE3 /* RootTabBarController.swift */,
				F3012FCA29C9E35800138CE3 /* FeaturedArtViewController.swift */,
				F3012FCC29C9E37D00138CE3 /* CatalogViewController.swift */,
				F3012FCE29C9E3A800138CE3 /* FavoritesViewController.swift */,
				F3012FBA29C4AE1800138CE3 /* Main.storyboard */,
				F3012FBD29C4AE1A00138CE3 /* Assets.xcassets */,
				F3012FBF29C4AE1A00138CE3 /* LaunchScreen.storyboard */,
				F3012FC229C4AE1B00138CE3 /* Info.plist */,
			);
			path = TheMET;
			sourceTree = "<group>";
		};
		F30CE99329CA003800013B2A /* DataModels */ = {
			isa = PBXGroup;
			children = (
				F30CE99429CA005F00013B2A /* Art.swift */,
				F30CE99629CA007A00013B2A /* Department.swift */,
			);
			path = DataModels;
			sourceTree = "<group>";
		};
		F30CE99B29CC91BD00013B2A /* Network */ = {
			isa = PBXGroup;
			children = (
				F30CE99C29CC91F300013B2A /* ImageLoader.swift */,
				F30CE99929CA0A2700013B2A /* NetworkManager.swift */,
				F30E834C29FBEDCF00283EE3 /* LoadingImageView.swift */,
				F30E834829F7FD2500283EE3 /* MetAPI.swift */,
				F37A93A42A04064B00AA1DEA /* ObjectResponse.swift */,
				F30E834A29F7FEFD00283EE3 /* ObjectsResponse.swift */,
			);
			path = Network;
			sourceTree = "<group>";
		};
		F30E834129F6AD1500283EE3 /* FailedToLoadView */ = {
			isa = PBXGroup;
			children = (
				F30E834429F6AD5A00283EE3 /* FailedToLoadView.xib */,
				F30E834629F7E5EA00283EE3 /* FailedToLoadView.swift */,
			);
			path = FailedToLoadView;
			sourceTree = "<group>";
		};
		F37EB74829F2AC1600A0B008 /* FeaturedArtWorkLoadingView */ = {
			isa = PBXGroup;
			children = (
				F3F5C5D429EEF3EF004CFA85 /* FeaturedArtWorkLoadingView.xib */,
				F3F5C5D229EEE6DC004CFA85 /* FeaturedArtWorkLoadingView.swift */,
			);
			path = FeaturedArtWorkLoadingView;
			sourceTree = "<group>";
		};
/* End PBXGroup section */

/* Begin PBXNativeTarget section */
		F3012FB029C4AE1800138CE3 /* TheMET */ = {
			isa = PBXNativeTarget;
			buildConfigurationList = F3012FC529C4AE1B00138CE3 /* Build configuration list for PBXNativeTarget "TheMET" */;
			buildPhases = (
				F3012FAD29C4AE1800138CE3 /* Sources */,
				F3012FAE29C4AE1800138CE3 /* Frameworks */,
				F3012FAF29C4AE1800138CE3 /* Resources */,
			);
			buildRules = (
			);
			dependencies = (
			);
			name = TheMET;
			productName = TheMET;
			productReference = F3012FB129C4AE1800138CE3 /* TheMET.app */;
			productType = "com.apple.product-type.application";
		};
/* End PBXNativeTarget section */

/* Begin PBXProject section */
		F3012FA929C4AE1800138CE3 /* Project object */ = {
			isa = PBXProject;
			attributes = {
				BuildIndependentTargetsInParallel = 1;
				LastSwiftUpdateCheck = 1420;
				LastUpgradeCheck = 1420;
				TargetAttributes = {
					F3012FB029C4AE1800138CE3 = {
						CreatedOnToolsVersion = 14.2;
					};
				};
			};
			buildConfigurationList = F3012FAC29C4AE1800138CE3 /* Build configuration list for PBXProject "TheMET" */;
			compatibilityVersion = "Xcode 14.0";
			developmentRegion = en;
			hasScannedForEncodings = 0;
			knownRegions = (
				en,
				Base,
				ru,
			);
			mainGroup = F3012FA829C4AE1800138CE3;
			productRefGroup = F3012FB229C4AE1800138CE3 /* Products */;
			projectDirPath = "";
			projectRoot = "";
			targets = (
				F3012FB029C4AE1800138CE3 /* TheMET */,
			);
		};
/* End PBXProject section */

/* Begin PBXResourcesBuildPhase section */
		F3012FAF29C4AE1800138CE3 /* Resources */ = {
			isa = PBXResourcesBuildPhase;
			buildActionMask = 2147483647;
			files = (
				F3012FC129C4AE1A00138CE3 /* LaunchScreen.storyboard in Resources */,
				F30E835029FE854C00283EE3 /* Localizable.strings in Resources */,
				F3012FBE29C4AE1A00138CE3 /* Assets.xcassets in Resources */,
				F30E834529F6AD5A00283EE3 /* FailedToLoadView.xib in Resources */,
				F3F5C5D529EEF3EF004CFA85 /* FeaturedArtWorkLoadingView.xib in Resources */,
				F3012FBC29C4AE1800138CE3 /* Main.storyboard in Resources */,
			);
			runOnlyForDeploymentPostprocessing = 0;
		};
/* End PBXResourcesBuildPhase section */

/* Begin PBXSourcesBuildPhase section */
		F3012FAD29C4AE1800138CE3 /* Sources */ = {
			isa = PBXSourcesBuildPhase;
			buildActionMask = 2147483647;
			files = (
				F30CE99A29CA0A2700013B2A /* NetworkManager.swift in Sources */,
				F3012FCD29C9E37D00138CE3 /* CatalogViewController.swift in Sources */,
				F3F5C5D329EEE6DC004CFA85 /* FeaturedArtWorkLoadingView.swift in Sources */,
				F3012FCB29C9E35800138CE3 /* FeaturedArtViewController.swift in Sources */,
				F30E834729F7E5EA00283EE3 /* FailedToLoadView.swift in Sources */,
				F37A93A52A04064B00AA1DEA /* ObjectResponse.swift in Sources */,
				F3012FC929C9E30700138CE3 /* RootTabBarController.swift in Sources */,
				F3012FB529C4AE1800138CE3 /* AppDelegate.swift in Sources */,
				F30CE99729CA007A00013B2A /* Department.swift in Sources */,
				F30CE99D29CC91F300013B2A /* ImageLoader.swift in Sources */,
				F30E834D29FBEDCF00283EE3 /* LoadingImageView.swift in Sources */,
				F3012FCF29C9E3A800138CE3 /* FavoritesViewController.swift in Sources */,
				F3012FB729C4AE1800138CE3 /* SceneDelegate.swift in Sources */,
				F30CE99529CA005F00013B2A /* Art.swift in Sources */,
				F30E834B29F7FEFD00283EE3 /* ObjectsResponse.swift in Sources */,
				F30E834929F7FD2500283EE3 /* MetAPI.swift in Sources */,
			);
			runOnlyForDeploymentPostprocessing = 0;
		};
/* End PBXSourcesBuildPhase section */

/* Begin PBXVariantGroup section */
		F3012FBA29C4AE1800138CE3 /* Main.storyboard */ = {
			isa = PBXVariantGroup;
			children = (
				F3012FBB29C4AE1800138CE3 /* Base */,
			);
			name = Main.storyboard;
			sourceTree = "<group>";
		};
		F3012FBF29C4AE1A00138CE3 /* LaunchScreen.storyboard */ = {
			isa = PBXVariantGroup;
			children = (
				F3012FC029C4AE1A00138CE3 /* Base */,
			);
			name = LaunchScreen.storyboard;
			sourceTree = "<group>";
		};
		F30E835229FE854C00283EE3 /* Localizable.strings */ = {
			isa = PBXVariantGroup;
			children = (
				F30E835129FE854C00283EE3 /* en */,
				F30E835329FE85BA00283EE3 /* ru */,
			);
			name = Localizable.strings;
			sourceTree = "<group>";
		};
/* End PBXVariantGroup section */

/* Begin XCBuildConfiguration section */
		F3012FC329C4AE1B00138CE3 /* Debug */ = {
			isa = XCBuildConfiguration;
			buildSettings = {
				ALWAYS_SEARCH_USER_PATHS = NO;
				CLANG_ANALYZER_LOCALIZABILITY_NONLOCALIZED = YES;
				CLANG_ANALYZER_NONNULL = YES;
				CLANG_ANALYZER_NUMBER_OBJECT_CONVERSION = YES_AGGRESSIVE;
				CLANG_CXX_LANGUAGE_STANDARD = "gnu++20";
				CLANG_ENABLE_MODULES = YES;
				CLANG_ENABLE_OBJC_ARC = YES;
				CLANG_ENABLE_OBJC_WEAK = YES;
				CLANG_WARN_BLOCK_CAPTURE_AUTORELEASING = YES;
				CLANG_WARN_BOOL_CONVERSION = YES;
				CLANG_WARN_COMMA = YES;
				CLANG_WARN_CONSTANT_CONVERSION = YES;
				CLANG_WARN_DEPRECATED_OBJC_IMPLEMENTATIONS = YES;
				CLANG_WARN_DIRECT_OBJC_ISA_USAGE = YES_ERROR;
				CLANG_WARN_DOCUMENTATION_COMMENTS = YES;
				CLANG_WARN_EMPTY_BODY = YES;
				CLANG_WARN_ENUM_CONVERSION = YES;
				CLANG_WARN_INFINITE_RECURSION = YES;
				CLANG_WARN_INT_CONVERSION = YES;
				CLANG_WARN_NON_LITERAL_NULL_CONVERSION = YES;
				CLANG_WARN_OBJC_IMPLICIT_RETAIN_SELF = YES;
				CLANG_WARN_OBJC_LITERAL_CONVERSION = YES;
				CLANG_WARN_OBJC_ROOT_CLASS = YES_ERROR;
				CLANG_WARN_QUOTED_INCLUDE_IN_FRAMEWORK_HEADER = YES;
				CLANG_WARN_RANGE_LOOP_ANALYSIS = YES;
				CLANG_WARN_STRICT_PROTOTYPES = YES;
				CLANG_WARN_SUSPICIOUS_MOVE = YES;
				CLANG_WARN_UNGUARDED_AVAILABILITY = YES_AGGRESSIVE;
				CLANG_WARN_UNREACHABLE_CODE = YES;
				CLANG_WARN__DUPLICATE_METHOD_MATCH = YES;
				COPY_PHASE_STRIP = NO;
				DEBUG_INFORMATION_FORMAT = dwarf;
				ENABLE_STRICT_OBJC_MSGSEND = YES;
				ENABLE_TESTABILITY = YES;
				GCC_C_LANGUAGE_STANDARD = gnu11;
				GCC_DYNAMIC_NO_PIC = NO;
				GCC_NO_COMMON_BLOCKS = YES;
				GCC_OPTIMIZATION_LEVEL = 0;
				GCC_PREPROCESSOR_DEFINITIONS = (
					"DEBUG=1",
					"$(inherited)",
				);
				GCC_WARN_64_TO_32_BIT_CONVERSION = YES;
				GCC_WARN_ABOUT_RETURN_TYPE = YES_ERROR;
				GCC_WARN_UNDECLARED_SELECTOR = YES;
				GCC_WARN_UNINITIALIZED_AUTOS = YES_AGGRESSIVE;
				GCC_WARN_UNUSED_FUNCTION = YES;
				GCC_WARN_UNUSED_VARIABLE = YES;
				IPHONEOS_DEPLOYMENT_TARGET = 16.2;
				MTL_ENABLE_DEBUG_INFO = INCLUDE_SOURCE;
				MTL_FAST_MATH = YES;
				ONLY_ACTIVE_ARCH = YES;
				SDKROOT = iphoneos;
				SWIFT_ACTIVE_COMPILATION_CONDITIONS = DEBUG;
				SWIFT_OPTIMIZATION_LEVEL = "-Onone";
			};
			name = Debug;
		};
		F3012FC429C4AE1B00138CE3 /* Release */ = {
			isa = XCBuildConfiguration;
			buildSettings = {
				ALWAYS_SEARCH_USER_PATHS = NO;
				CLANG_ANALYZER_LOCALIZABILITY_NONLOCALIZED = YES;
				CLANG_ANALYZER_NONNULL = YES;
				CLANG_ANALYZER_NUMBER_OBJECT_CONVERSION = YES_AGGRESSIVE;
				CLANG_CXX_LANGUAGE_STANDARD = "gnu++20";
				CLANG_ENABLE_MODULES = YES;
				CLANG_ENABLE_OBJC_ARC = YES;
				CLANG_ENABLE_OBJC_WEAK = YES;
				CLANG_WARN_BLOCK_CAPTURE_AUTORELEASING = YES;
				CLANG_WARN_BOOL_CONVERSION = YES;
				CLANG_WARN_COMMA = YES;
				CLANG_WARN_CONSTANT_CONVERSION = YES;
				CLANG_WARN_DEPRECATED_OBJC_IMPLEMENTATIONS = YES;
				CLANG_WARN_DIRECT_OBJC_ISA_USAGE = YES_ERROR;
				CLANG_WARN_DOCUMENTATION_COMMENTS = YES;
				CLANG_WARN_EMPTY_BODY = YES;
				CLANG_WARN_ENUM_CONVERSION = YES;
				CLANG_WARN_INFINITE_RECURSION = YES;
				CLANG_WARN_INT_CONVERSION = YES;
				CLANG_WARN_NON_LITERAL_NULL_CONVERSION = YES;
				CLANG_WARN_OBJC_IMPLICIT_RETAIN_SELF = YES;
				CLANG_WARN_OBJC_LITERAL_CONVERSION = YES;
				CLANG_WARN_OBJC_ROOT_CLASS = YES_ERROR;
				CLANG_WARN_QUOTED_INCLUDE_IN_FRAMEWORK_HEADER = YES;
				CLANG_WARN_RANGE_LOOP_ANALYSIS = YES;
				CLANG_WARN_STRICT_PROTOTYPES = YES;
				CLANG_WARN_SUSPICIOUS_MOVE = YES;
				CLANG_WARN_UNGUARDED_AVAILABILITY = YES_AGGRESSIVE;
				CLANG_WARN_UNREACHABLE_CODE = YES;
				CLANG_WARN__DUPLICATE_METHOD_MATCH = YES;
				COPY_PHASE_STRIP = NO;
				DEBUG_INFORMATION_FORMAT = "dwarf-with-dsym";
				ENABLE_NS_ASSERTIONS = NO;
				ENABLE_STRICT_OBJC_MSGSEND = YES;
				GCC_C_LANGUAGE_STANDARD = gnu11;
				GCC_NO_COMMON_BLOCKS = YES;
				GCC_WARN_64_TO_32_BIT_CONVERSION = YES;
				GCC_WARN_ABOUT_RETURN_TYPE = YES_ERROR;
				GCC_WARN_UNDECLARED_SELECTOR = YES;
				GCC_WARN_UNINITIALIZED_AUTOS = YES_AGGRESSIVE;
				GCC_WARN_UNUSED_FUNCTION = YES;
				GCC_WARN_UNUSED_VARIABLE = YES;
				IPHONEOS_DEPLOYMENT_TARGET = 16.2;
				MTL_ENABLE_DEBUG_INFO = NO;
				MTL_FAST_MATH = YES;
				SDKROOT = iphoneos;
				SWIFT_COMPILATION_MODE = wholemodule;
				SWIFT_OPTIMIZATION_LEVEL = "-O";
				VALIDATE_PRODUCT = YES;
			};
			name = Release;
		};
		F3012FC629C4AE1B00138CE3 /* Debug */ = {
			isa = XCBuildConfiguration;
			buildSettings = {
				ASSETCATALOG_COMPILER_APPICON_NAME = AppIcon;
				ASSETCATALOG_COMPILER_GLOBAL_ACCENT_COLOR_NAME = AccentColor;
				CODE_SIGN_STYLE = Automatic;
				CURRENT_PROJECT_VERSION = 1;
				DEVELOPMENT_TEAM = 3T7727LUB4;
				GENERATE_INFOPLIST_FILE = YES;
				INFOPLIST_FILE = TheMET/Info.plist;
				INFOPLIST_KEY_UIApplicationSupportsIndirectInputEvents = YES;
				INFOPLIST_KEY_UILaunchStoryboardName = LaunchScreen;
				INFOPLIST_KEY_UIMainStoryboardFile = Main;
				INFOPLIST_KEY_UISupportedInterfaceOrientations_iPad = "UIInterfaceOrientationPortrait UIInterfaceOrientationPortraitUpsideDown UIInterfaceOrientationLandscapeLeft UIInterfaceOrientationLandscapeRight";
				INFOPLIST_KEY_UISupportedInterfaceOrientations_iPhone = "UIInterfaceOrientationPortrait UIInterfaceOrientationLandscapeLeft UIInterfaceOrientationLandscapeRight";
				LD_RUNPATH_SEARCH_PATHS = (
					"$(inherited)",
					"@executable_path/Frameworks",
				);
				MARKETING_VERSION = 1.0;
				PRODUCT_BUNDLE_IDENTIFIER = App.TheMET.TheMET;
				PRODUCT_NAME = "$(TARGET_NAME)";
				SWIFT_EMIT_LOC_STRINGS = YES;
				SWIFT_VERSION = 5.0;
				TARGETED_DEVICE_FAMILY = "1,2";
			};
			name = Debug;
		};
		F3012FC729C4AE1B00138CE3 /* Release */ = {
			isa = XCBuildConfiguration;
			buildSettings = {
				ASSETCATALOG_COMPILER_APPICON_NAME = AppIcon;
				ASSETCATALOG_COMPILER_GLOBAL_ACCENT_COLOR_NAME = AccentColor;
				CODE_SIGN_STYLE = Automatic;
				CURRENT_PROJECT_VERSION = 1;
				DEVELOPMENT_TEAM = 3T7727LUB4;
				GENERATE_INFOPLIST_FILE = YES;
				INFOPLIST_FILE = TheMET/Info.plist;
				INFOPLIST_KEY_UIApplicationSupportsIndirectInputEvents = YES;
				INFOPLIST_KEY_UILaunchStoryboardName = LaunchScreen;
				INFOPLIST_KEY_UIMainStoryboardFile = Main;
				INFOPLIST_KEY_UISupportedInterfaceOrientations_iPad = "UIInterfaceOrientationPortrait UIInterfaceOrientationPortraitUpsideDown UIInterfaceOrientationLandscapeLeft UIInterfaceOrientationLandscapeRight";
				INFOPLIST_KEY_UISupportedInterfaceOrientations_iPhone = "UIInterfaceOrientationPortrait UIInterfaceOrientationLandscapeLeft UIInterfaceOrientationLandscapeRight";
				LD_RUNPATH_SEARCH_PATHS = (
					"$(inherited)",
					"@executable_path/Frameworks",
				);
				MARKETING_VERSION = 1.0;
				PRODUCT_BUNDLE_IDENTIFIER = App.TheMET.TheMET;
				PRODUCT_NAME = "$(TARGET_NAME)";
				SWIFT_EMIT_LOC_STRINGS = YES;
				SWIFT_VERSION = 5.0;
				TARGETED_DEVICE_FAMILY = "1,2";
			};
			name = Release;
		};
/* End XCBuildConfiguration section */

/* Begin XCConfigurationList section */
		F3012FAC29C4AE1800138CE3 /* Build configuration list for PBXProject "TheMET" */ = {
			isa = XCConfigurationList;
			buildConfigurations = (
				F3012FC329C4AE1B00138CE3 /* Debug */,
				F3012FC429C4AE1B00138CE3 /* Release */,
			);
			defaultConfigurationIsVisible = 0;
			defaultConfigurationName = Release;
		};
		F3012FC529C4AE1B00138CE3 /* Build configuration list for PBXNativeTarget "TheMET" */ = {
			isa = XCConfigurationList;
			buildConfigurations = (
				F3012FC629C4AE1B00138CE3 /* Debug */,
				F3012FC729C4AE1B00138CE3 /* Release */,
			);
			defaultConfigurationIsVisible = 0;
			defaultConfigurationName = Release;
		};
/* End XCConfigurationList section */
	};
	rootObject = F3012FA929C4AE1800138CE3 /* Project object */;
}
